// !$*UTF8*$!
{
	archiveVersion = 1;
	classes = {
	};
	objectVersion = 46;
	objects = {

/* Begin PBXBuildFile section */
		3530FD6A5474496AB230D498 /* libPods.a in Frameworks */ = {isa = PBXBuildFile; fileRef = 492692E5BE06409D83859779 /* libPods.a */; };
		4D0AC01B160083CB001C067F /* LMDefaultPersister.m in Sources */ = {isa = PBXBuildFile; fileRef = 4D0AC016160083CB001C067F /* LMDefaultPersister.m */; };
		4D39B6F816DA868A00F682E7 /* MVIOCControllerActor.m in Sources */ = {isa = PBXBuildFile; fileRef = 4D39B6ED16DA868A00F682E7 /* MVIOCControllerActor.m */; settings = {COMPILER_FLAGS = "-fno-objc-arc "; }; };
		4D39B6F916DA868A00F682E7 /* MVIOCContainer.m in Sources */ = {isa = PBXBuildFile; fileRef = 4D39B6F316DA868A00F682E7 /* MVIOCContainer.m */; settings = {COMPILER_FLAGS = "-fno-objc-arc "; }; };
		4D39B6FA16DA868A00F682E7 /* MVIOCFactoryInjectionType.m in Sources */ = {isa = PBXBuildFile; fileRef = 4D39B6F416DA868A00F682E7 /* MVIOCFactoryInjectionType.m */; settings = {COMPILER_FLAGS = "-fno-objc-arc "; }; };
		4D39B6FB16DA868A00F682E7 /* MVIOCProperty.m in Sources */ = {isa = PBXBuildFile; fileRef = 4D39B6F516DA868A00F682E7 /* MVIOCProperty.m */; settings = {COMPILER_FLAGS = "-fno-objc-arc "; }; };
		4D39B6FC16DA868A00F682E7 /* MVIOCPropertyInjectionType.m in Sources */ = {isa = PBXBuildFile; fileRef = 4D39B6F616DA868A00F682E7 /* MVIOCPropertyInjectionType.m */; settings = {COMPILER_FLAGS = "-fno-objc-arc "; }; };
		4D39B6FD16DA868A00F682E7 /* MVIOCSingletonCache.m in Sources */ = {isa = PBXBuildFile; fileRef = 4D39B6F716DA868A00F682E7 /* MVIOCSingletonCache.m */; settings = {COMPILER_FLAGS = "-fno-objc-arc "; }; };
		4D39B74316DA8AA000F682E7 /* InfoPlist.strings in Resources */ = {isa = PBXBuildFile; fileRef = 4D39B70816DA8AA000F682E7 /* InfoPlist.strings */; };
		4D39B74416DA8AA000F682E7 /* LittleMarket-Info.plist in Resources */ = {isa = PBXBuildFile; fileRef = 4D39B70916DA8AA000F682E7 /* LittleMarket-Info.plist */; };
		4D39B74516DA8AA000F682E7 /* main.m in Sources */ = {isa = PBXBuildFile; fileRef = 4D39B70B16DA8AA000F682E7 /* main.m */; };
		4D39B74616DA8AA000F682E7 /* LMAppDelegate.m in Sources */ = {isa = PBXBuildFile; fileRef = 4D39B70D16DA8AA000F682E7 /* LMAppDelegate.m */; };
		4D39B74716DA8AA000F682E7 /* LMDataModel.m in Sources */ = {isa = PBXBuildFile; fileRef = 4D39B71016DA8AA000F682E7 /* LMDataModel.m */; };
		4D39B74816DA8AA000F682E7 /* LMDataModelManager.m in Sources */ = {isa = PBXBuildFile; fileRef = 4D39B71216DA8AA000F682E7 /* LMDataModelManager.m */; };
		4D39B74916DA8AA000F682E7 /* LMProduct.m in Sources */ = {isa = PBXBuildFile; fileRef = 4D39B71416DA8AA000F682E7 /* LMProduct.m */; };
		4D39B74A16DA8AA000F682E7 /* LMProductComparator.m in Sources */ = {isa = PBXBuildFile; fileRef = 4D39B71616DA8AA000F682E7 /* LMProductComparator.m */; };
		4D39B74B16DA8AA000F682E7 /* LMProductType.m in Sources */ = {isa = PBXBuildFile; fileRef = 4D39B71816DA8AA000F682E7 /* LMProductType.m */; };
		4D39B74C16DA8AA000F682E7 /* LMConstants.m in Sources */ = {isa = PBXBuildFile; fileRef = 4D39B72316DA8AA000F682E7 /* LMConstants.m */; };
		4D39B74D16DA8AA000F682E7 /* LMApplicationService.m in Sources */ = {isa = PBXBuildFile; fileRef = 4D39B72516DA8AA000F682E7 /* LMApplicationService.m */; };
		4D39B74E16DA8AA000F682E7 /* LMContainerConfigurator.m in Sources */ = {isa = PBXBuildFile; fileRef = 4D39B72716DA8AA000F682E7 /* LMContainerConfigurator.m */; };
		4D39B74F16DA8AA000F682E7 /* LMFileManager.m in Sources */ = {isa = PBXBuildFile; fileRef = 4D39B72916DA8AA000F682E7 /* LMFileManager.m */; };
		4D39B75016DA8AA000F682E7 /* LMBackEndTableViewController.m in Sources */ = {isa = PBXBuildFile; fileRef = 4D39B72E16DA8AA000F682E7 /* LMBackEndTableViewController.m */; };
		4D39B75116DA8AA000F682E7 /* LMProductEditViewController.m in Sources */ = {isa = PBXBuildFile; fileRef = 4D39B73016DA8AA000F682E7 /* LMProductEditViewController.m */; };
		4D39B75316DA8AA000F682E7 /* LMDetailTableViewController.m in Sources */ = {isa = PBXBuildFile; fileRef = 4D39B73616DA8AA000F682E7 /* LMDetailTableViewController.m */; };
		4D39B75416DA8AA000F682E7 /* LMMasterViewController.m in Sources */ = {isa = PBXBuildFile; fileRef = 4D39B73816DA8AA000F682E7 /* LMMasterViewController.m */; };
		4D39B75516DA8AA000F682E7 /* MainStoryboard.storyboard in Resources */ = {isa = PBXBuildFile; fileRef = 4D39B73916DA8AA000F682E7 /* MainStoryboard.storyboard */; };
		4D39B75616DA8AA000F682E7 /* LMProductCell.m in Sources */ = {isa = PBXBuildFile; fileRef = 4D39B73C16DA8AA000F682E7 /* LMProductCell.m */; };
		4D4A065916EFBD1100742777 /* LMCartViewController.m in Sources */ = {isa = PBXBuildFile; fileRef = 4D4A065816EFBD1100742777 /* LMCartViewController.m */; };
		4D686526161B72CE00CE66A2 /* MarketDefaultJsonFileCreator.m in Sources */ = {isa = PBXBuildFile; fileRef = 4D686525161B724400CE66A2 /* MarketDefaultJsonFileCreator.m */; };
		4D686527161B779200CE66A2 /* LittleMarketTestData.json in Resources */ = {isa = PBXBuildFile; fileRef = 4D0FBCD0160AEABE0049D022 /* LittleMarketTestData.json */; };
		4D686531161B8BB500CE66A2 /* MarketTestClass.m in Sources */ = {isa = PBXBuildFile; fileRef = 4D686530161B8BB500CE66A2 /* MarketTestClass.m */; };
		4D70B2DB161E03DF00102AB9 /* MarketInjectionTest.m in Sources */ = {isa = PBXBuildFile; fileRef = 4D70B2DA161E03DF00102AB9 /* MarketInjectionTest.m */; };
		4DB2A360162618790021A0E6 /* MarketFAil.m in Sources */ = {isa = PBXBuildFile; fileRef = 4DB2A35F162618790021A0E6 /* MarketFAil.m */; };
		4DD2615916249DCB00E34D55 /* MarketArchivePersisterTest.m in Sources */ = {isa = PBXBuildFile; fileRef = 4DD2615816249DCB00E34D55 /* MarketArchivePersisterTest.m */; };
		4DD2615C16249F3800E34D55 /* LMArchivePersister.m in Sources */ = {isa = PBXBuildFile; fileRef = 4DD2615B16249F3800E34D55 /* LMArchivePersister.m */; };
		4DD7B53715C94C0E0022812D /* UIKit.framework in Frameworks */ = {isa = PBXBuildFile; fileRef = 4DD7B53615C94C0E0022812D /* UIKit.framework */; };
		4DD7B53915C94C0E0022812D /* Foundation.framework in Frameworks */ = {isa = PBXBuildFile; fileRef = 4DD7B53815C94C0E0022812D /* Foundation.framework */; };
		4DD7B53B15C94C0E0022812D /* CoreGraphics.framework in Frameworks */ = {isa = PBXBuildFile; fileRef = 4DD7B53A15C94C0E0022812D /* CoreGraphics.framework */; };
		4DF2E3AD161394B100066481 /* SenTestingKit.framework in Frameworks */ = {isa = PBXBuildFile; fileRef = 4DBA646F15E2C50F00F0007B /* SenTestingKit.framework */; };
		4DF2E3AE161394B100066481 /* UIKit.framework in Frameworks */ = {isa = PBXBuildFile; fileRef = 4DD7B53615C94C0E0022812D /* UIKit.framework */; };
		4DF2E3AF161394B100066481 /* Foundation.framework in Frameworks */ = {isa = PBXBuildFile; fileRef = 4DD7B53815C94C0E0022812D /* Foundation.framework */; };
		4DF2E3BE1613958800066481 /* JsonPersisterTests.m in Sources */ = {isa = PBXBuildFile; fileRef = 77F027463A0C9117F1E695EF /* JsonPersisterTests.m */; };
		4DF2E3BF1613958800066481 /* JSONToMarketModelTest.m in Sources */ = {isa = PBXBuildFile; fileRef = 77F0217ACB7803AB475A5368 /* JSONToMarketModelTest.m */; };
		4DF2E3C1161396DD00066481 /* InfoPlist.strings in Resources */ = {isa = PBXBuildFile; fileRef = 4DF2E3C0161396DD00066481 /* InfoPlist.strings */; };
		77F0206EE28895FB89F40FFA /* InjectionTest.m in Sources */ = {isa = PBXBuildFile; fileRef = 77F02728B3AC18A384B3944F /* InjectionTest.m */; };
		77F022689F00C5D1A17634BB /* ReadWriteTextFromDocumentFolderTest.m in Sources */ = {isa = PBXBuildFile; fileRef = 77F021F6F871F82CE2B9766B /* ReadWriteTextFromDocumentFolderTest.m */; };
		77F02B2FAC17C193F01E0480 /* LMDataModel+JsonKit.m in Sources */ = {isa = PBXBuildFile; fileRef = 77F02F8EAB86F60911111561 /* LMDataModel+JsonKit.m */; };
		77F02D3E19F9F14699210C54 /* LMJsonPersister.m in Sources */ = {isa = PBXBuildFile; fileRef = 77F02B2069BF3E542B6A1BFA /* LMJsonPersister.m */; };
		77F02EC162E3E06F902A2799 /* LMPersistenceManager.m in Sources */ = {isa = PBXBuildFile; fileRef = 77F02DA32DF85E2A9D093BF6 /* LMPersistenceManager.m */; };
/* End PBXBuildFile section */

/* Begin PBXFileReference section */
		492692E5BE06409D83859779 /* libPods.a */ = {isa = PBXFileReference; explicitFileType = archive.ar; includeInIndex = 0; path = libPods.a; sourceTree = BUILT_PRODUCTS_DIR; };
		4D0AC015160083CB001C067F /* LMDefaultPersister.h */ = {isa = PBXFileReference; fileEncoding = 4; lastKnownFileType = sourcecode.c.h; path = LMDefaultPersister.h; sourceTree = "<group>"; };
		4D0AC016160083CB001C067F /* LMDefaultPersister.m */ = {isa = PBXFileReference; fileEncoding = 4; lastKnownFileType = sourcecode.c.objc; path = LMDefaultPersister.m; sourceTree = "<group>"; };
		4D0FBCD0160AEABE0049D022 /* LittleMarketTestData.json */ = {isa = PBXFileReference; fileEncoding = 4; lastKnownFileType = text.json; name = LittleMarketTestData.json; path = LittleMarketTest/Resources/LittleMarketTestData.json; sourceTree = SOURCE_ROOT; };
		4D39B6E816DA868A00F682E7 /* MVIOC.h */ = {isa = PBXFileReference; fileEncoding = 4; lastKnownFileType = sourcecode.c.h; path = MVIOC.h; sourceTree = "<group>"; };
		4D39B6E916DA868A00F682E7 /* MVIOCActor.h */ = {isa = PBXFileReference; fileEncoding = 4; lastKnownFileType = sourcecode.c.h; path = MVIOCActor.h; sourceTree = "<group>"; };
		4D39B6EA16DA868A00F682E7 /* MVIOCCache.h */ = {isa = PBXFileReference; fileEncoding = 4; lastKnownFileType = sourcecode.c.h; path = MVIOCCache.h; sourceTree = "<group>"; };
		4D39B6EB16DA868A00F682E7 /* MVIOCContainer.h */ = {isa = PBXFileReference; fileEncoding = 4; lastKnownFileType = sourcecode.c.h; path = MVIOCContainer.h; sourceTree = "<group>"; };
		4D39B6EC16DA868A00F682E7 /* MVIOCControllerActor.h */ = {isa = PBXFileReference; fileEncoding = 4; lastKnownFileType = sourcecode.c.h; path = MVIOCControllerActor.h; sourceTree = "<group>"; };
		4D39B6ED16DA868A00F682E7 /* MVIOCControllerActor.m */ = {isa = PBXFileReference; fileEncoding = 4; lastKnownFileType = sourcecode.c.objc; path = MVIOCControllerActor.m; sourceTree = "<group>"; };
		4D39B6EE16DA868A00F682E7 /* MVIOCFactoryInjectionType.h */ = {isa = PBXFileReference; fileEncoding = 4; lastKnownFileType = sourcecode.c.h; path = MVIOCFactoryInjectionType.h; sourceTree = "<group>"; };
		4D39B6EF16DA868A00F682E7 /* MVIOCInjectionType.h */ = {isa = PBXFileReference; fileEncoding = 4; lastKnownFileType = sourcecode.c.h; path = MVIOCInjectionType.h; sourceTree = "<group>"; };
		4D39B6F016DA868A00F682E7 /* MVIOCProperty.h */ = {isa = PBXFileReference; fileEncoding = 4; lastKnownFileType = sourcecode.c.h; path = MVIOCProperty.h; sourceTree = "<group>"; };
		4D39B6F116DA868A00F682E7 /* MVIOCPropertyInjectionType.h */ = {isa = PBXFileReference; fileEncoding = 4; lastKnownFileType = sourcecode.c.h; path = MVIOCPropertyInjectionType.h; sourceTree = "<group>"; };
		4D39B6F216DA868A00F682E7 /* MVIOCSingletonCache.h */ = {isa = PBXFileReference; fileEncoding = 4; lastKnownFileType = sourcecode.c.h; path = MVIOCSingletonCache.h; sourceTree = "<group>"; };
		4D39B6F316DA868A00F682E7 /* MVIOCContainer.m */ = {isa = PBXFileReference; fileEncoding = 4; lastKnownFileType = sourcecode.c.objc; path = MVIOCContainer.m; sourceTree = "<group>"; };
		4D39B6F416DA868A00F682E7 /* MVIOCFactoryInjectionType.m */ = {isa = PBXFileReference; fileEncoding = 4; lastKnownFileType = sourcecode.c.objc; path = MVIOCFactoryInjectionType.m; sourceTree = "<group>"; };
		4D39B6F516DA868A00F682E7 /* MVIOCProperty.m */ = {isa = PBXFileReference; fileEncoding = 4; lastKnownFileType = sourcecode.c.objc; path = MVIOCProperty.m; sourceTree = "<group>"; };
		4D39B6F616DA868A00F682E7 /* MVIOCPropertyInjectionType.m */ = {isa = PBXFileReference; fileEncoding = 4; lastKnownFileType = sourcecode.c.objc; path = MVIOCPropertyInjectionType.m; sourceTree = "<group>"; };
		4D39B6F716DA868A00F682E7 /* MVIOCSingletonCache.m */ = {isa = PBXFileReference; fileEncoding = 4; lastKnownFileType = sourcecode.c.objc; path = MVIOCSingletonCache.m; sourceTree = "<group>"; };
		4D39B70816DA8AA000F682E7 /* InfoPlist.strings */ = {isa = PBXFileReference; fileEncoding = 4; lastKnownFileType = text.plist.strings; path = InfoPlist.strings; sourceTree = "<group>"; };
		4D39B70916DA8AA000F682E7 /* LittleMarket-Info.plist */ = {isa = PBXFileReference; fileEncoding = 4; lastKnownFileType = text.plist.xml; path = "LittleMarket-Info.plist"; sourceTree = "<group>"; };
		4D39B70A16DA8AA000F682E7 /* LittleMarket-Prefix.pch */ = {isa = PBXFileReference; fileEncoding = 4; lastKnownFileType = sourcecode.c.h; path = "LittleMarket-Prefix.pch"; sourceTree = "<group>"; };
		4D39B70B16DA8AA000F682E7 /* main.m */ = {isa = PBXFileReference; fileEncoding = 4; lastKnownFileType = sourcecode.c.objc; path = main.m; sourceTree = "<group>"; };
		4D39B70C16DA8AA000F682E7 /* LMAppDelegate.h */ = {isa = PBXFileReference; fileEncoding = 4; lastKnownFileType = sourcecode.c.h; path = LMAppDelegate.h; sourceTree = "<group>"; };
		4D39B70D16DA8AA000F682E7 /* LMAppDelegate.m */ = {isa = PBXFileReference; fileEncoding = 4; lastKnownFileType = sourcecode.c.objc; path = LMAppDelegate.m; sourceTree = "<group>"; };
		4D39B70F16DA8AA000F682E7 /* LMDataModel.h */ = {isa = PBXFileReference; fileEncoding = 4; lastKnownFileType = sourcecode.c.h; path = LMDataModel.h; sourceTree = "<group>"; };
		4D39B71016DA8AA000F682E7 /* LMDataModel.m */ = {isa = PBXFileReference; fileEncoding = 4; lastKnownFileType = sourcecode.c.objc; path = LMDataModel.m; sourceTree = "<group>"; };
		4D39B71116DA8AA000F682E7 /* LMDataModelManager.h */ = {isa = PBXFileReference; fileEncoding = 4; lastKnownFileType = sourcecode.c.h; path = LMDataModelManager.h; sourceTree = "<group>"; };
		4D39B71216DA8AA000F682E7 /* LMDataModelManager.m */ = {isa = PBXFileReference; fileEncoding = 4; lastKnownFileType = sourcecode.c.objc; path = LMDataModelManager.m; sourceTree = "<group>"; };
		4D39B71316DA8AA000F682E7 /* LMProduct.h */ = {isa = PBXFileReference; fileEncoding = 4; lastKnownFileType = sourcecode.c.h; path = LMProduct.h; sourceTree = "<group>"; };
		4D39B71416DA8AA000F682E7 /* LMProduct.m */ = {isa = PBXFileReference; fileEncoding = 4; lastKnownFileType = sourcecode.c.objc; path = LMProduct.m; sourceTree = "<group>"; };
		4D39B71516DA8AA000F682E7 /* LMProductComparator.h */ = {isa = PBXFileReference; fileEncoding = 4; lastKnownFileType = sourcecode.c.h; path = LMProductComparator.h; sourceTree = "<group>"; };
		4D39B71616DA8AA000F682E7 /* LMProductComparator.m */ = {isa = PBXFileReference; fileEncoding = 4; lastKnownFileType = sourcecode.c.objc; path = LMProductComparator.m; sourceTree = "<group>"; };
		4D39B71716DA8AA000F682E7 /* LMProductType.h */ = {isa = PBXFileReference; fileEncoding = 4; lastKnownFileType = sourcecode.c.h; path = LMProductType.h; sourceTree = "<group>"; };
		4D39B71816DA8AA000F682E7 /* LMProductType.m */ = {isa = PBXFileReference; fileEncoding = 4; lastKnownFileType = sourcecode.c.objc; path = LMProductType.m; sourceTree = "<group>"; };
		4D39B71A16DA8AA000F682E7 /* LMBuyProductDelegate.h */ = {isa = PBXFileReference; fileEncoding = 4; lastKnownFileType = sourcecode.c.h; path = LMBuyProductDelegate.h; sourceTree = "<group>"; };
		4D39B71B16DA8AA000F682E7 /* LMBackEndModel.h */ = {isa = PBXFileReference; fileEncoding = 4; lastKnownFileType = sourcecode.c.h; path = LMBackEndModel.h; sourceTree = "<group>"; };
		4D39B71C16DA8AA000F682E7 /* LMCartTableModel.h */ = {isa = PBXFileReference; fileEncoding = 4; lastKnownFileType = sourcecode.c.h; path = LMCartTableModel.h; sourceTree = "<group>"; };
		4D39B71D16DA8AA000F682E7 /* LMDataModelManagerProtocol.h */ = {isa = PBXFileReference; fileEncoding = 4; lastKnownFileType = sourcecode.c.h; path = LMDataModelManagerProtocol.h; sourceTree = "<group>"; };
		4D39B71E16DA8AA000F682E7 /* LMPersistenceManagerProtocol.h */ = {isa = PBXFileReference; fileEncoding = 4; lastKnownFileType = sourcecode.c.h; path = LMPersistenceManagerProtocol.h; sourceTree = "<group>"; };
		4D39B71F16DA8AA000F682E7 /* LMPersisterProtocol.h */ = {isa = PBXFileReference; fileEncoding = 4; lastKnownFileType = sourcecode.c.h; path = LMPersisterProtocol.h; sourceTree = "<group>"; };
		4D39B72016DA8AA000F682E7 /* LMStoreFrontModel.h */ = {isa = PBXFileReference; fileEncoding = 4; lastKnownFileType = sourcecode.c.h; path = LMStoreFrontModel.h; sourceTree = "<group>"; };
		4D39B72216DA8AA000F682E7 /* LMConstants.h */ = {isa = PBXFileReference; fileEncoding = 4; lastKnownFileType = sourcecode.c.h; path = LMConstants.h; sourceTree = "<group>"; };
		4D39B72316DA8AA000F682E7 /* LMConstants.m */ = {isa = PBXFileReference; fileEncoding = 4; lastKnownFileType = sourcecode.c.objc; path = LMConstants.m; sourceTree = "<group>"; };
		4D39B72416DA8AA000F682E7 /* LMApplicationService.h */ = {isa = PBXFileReference; fileEncoding = 4; lastKnownFileType = sourcecode.c.h; path = LMApplicationService.h; sourceTree = "<group>"; };
		4D39B72516DA8AA000F682E7 /* LMApplicationService.m */ = {isa = PBXFileReference; fileEncoding = 4; lastKnownFileType = sourcecode.c.objc; path = LMApplicationService.m; sourceTree = "<group>"; };
		4D39B72616DA8AA000F682E7 /* LMContainerConfigurator.h */ = {isa = PBXFileReference; fileEncoding = 4; lastKnownFileType = sourcecode.c.h; path = LMContainerConfigurator.h; sourceTree = "<group>"; };
		4D39B72716DA8AA000F682E7 /* LMContainerConfigurator.m */ = {isa = PBXFileReference; fileEncoding = 4; lastKnownFileType = sourcecode.c.objc; path = LMContainerConfigurator.m; sourceTree = "<group>"; };
		4D39B72816DA8AA000F682E7 /* LMFileManager.h */ = {isa = PBXFileReference; fileEncoding = 4; lastKnownFileType = sourcecode.c.h; path = LMFileManager.h; sourceTree = "<group>"; };
		4D39B72916DA8AA000F682E7 /* LMFileManager.m */ = {isa = PBXFileReference; fileEncoding = 4; lastKnownFileType = sourcecode.c.objc; path = LMFileManager.m; sourceTree = "<group>"; };
		4D39B72D16DA8AA000F682E7 /* LMBackEndTableViewController.h */ = {isa = PBXFileReference; fileEncoding = 4; lastKnownFileType = sourcecode.c.h; path = LMBackEndTableViewController.h; sourceTree = "<group>"; };
		4D39B72E16DA8AA000F682E7 /* LMBackEndTableViewController.m */ = {isa = PBXFileReference; fileEncoding = 4; lastKnownFileType = sourcecode.c.objc; path = LMBackEndTableViewController.m; sourceTree = "<group>"; };
		4D39B72F16DA8AA000F682E7 /* LMProductEditViewController.h */ = {isa = PBXFileReference; fileEncoding = 4; lastKnownFileType = sourcecode.c.h; path = LMProductEditViewController.h; sourceTree = "<group>"; };
		4D39B73016DA8AA000F682E7 /* LMProductEditViewController.m */ = {isa = PBXFileReference; fileEncoding = 4; lastKnownFileType = sourcecode.c.objc; path = LMProductEditViewController.m; sourceTree = "<group>"; };
		4D39B73516DA8AA000F682E7 /* LMDetailTableViewController.h */ = {isa = PBXFileReference; fileEncoding = 4; lastKnownFileType = sourcecode.c.h; path = LMDetailTableViewController.h; sourceTree = "<group>"; };
		4D39B73616DA8AA000F682E7 /* LMDetailTableViewController.m */ = {isa = PBXFileReference; fileEncoding = 4; lastKnownFileType = sourcecode.c.objc; path = LMDetailTableViewController.m; sourceTree = "<group>"; };
		4D39B73716DA8AA000F682E7 /* LMMasterViewController.h */ = {isa = PBXFileReference; fileEncoding = 4; lastKnownFileType = sourcecode.c.h; path = LMMasterViewController.h; sourceTree = "<group>"; };
		4D39B73816DA8AA000F682E7 /* LMMasterViewController.m */ = {isa = PBXFileReference; fileEncoding = 4; lastKnownFileType = sourcecode.c.objc; path = LMMasterViewController.m; sourceTree = "<group>"; };
		4D39B73916DA8AA000F682E7 /* MainStoryboard.storyboard */ = {isa = PBXFileReference; fileEncoding = 4; lastKnownFileType = file.storyboard; path = MainStoryboard.storyboard; sourceTree = "<group>"; };
		4D39B73B16DA8AA000F682E7 /* LMProductCell.h */ = {isa = PBXFileReference; fileEncoding = 4; lastKnownFileType = sourcecode.c.h; path = LMProductCell.h; sourceTree = "<group>"; };
		4D39B73C16DA8AA000F682E7 /* LMProductCell.m */ = {isa = PBXFileReference; fileEncoding = 4; lastKnownFileType = sourcecode.c.objc; path = LMProductCell.m; sourceTree = "<group>"; };
		4D4A065716EFBD1100742777 /* LMCartViewController.h */ = {isa = PBXFileReference; fileEncoding = 4; lastKnownFileType = sourcecode.c.h; name = LMCartViewController.h; path = LittleMarket/UI/Controllers/Cart/LMCartViewController.h; sourceTree = SOURCE_ROOT; };
		4D4A065816EFBD1100742777 /* LMCartViewController.m */ = {isa = PBXFileReference; fileEncoding = 4; lastKnownFileType = sourcecode.c.objc; name = LMCartViewController.m; path = LittleMarket/UI/Controllers/Cart/LMCartViewController.m; sourceTree = SOURCE_ROOT; };
		4D686525161B724400CE66A2 /* MarketDefaultJsonFileCreator.m */ = {isa = PBXFileReference; lastKnownFileType = sourcecode.c.objc; path = MarketDefaultJsonFileCreator.m; sourceTree = "<group>"; };
		4D68652F161B8BB500CE66A2 /* MarketTestClass.h */ = {isa = PBXFileReference; fileEncoding = 4; lastKnownFileType = sourcecode.c.h; path = MarketTestClass.h; sourceTree = "<group>"; };
		4D686530161B8BB500CE66A2 /* MarketTestClass.m */ = {isa = PBXFileReference; fileEncoding = 4; lastKnownFileType = sourcecode.c.objc; path = MarketTestClass.m; sourceTree = "<group>"; };
		4D70B2DA161E03DF00102AB9 /* MarketInjectionTest.m */ = {isa = PBXFileReference; fileEncoding = 4; lastKnownFileType = sourcecode.c.objc; path = MarketInjectionTest.m; sourceTree = "<group>"; };
		4DB2A35F162618790021A0E6 /* MarketFAil.m */ = {isa = PBXFileReference; fileEncoding = 4; lastKnownFileType = sourcecode.c.objc; path = MarketFAil.m; sourceTree = "<group>"; };
		4DBA646F15E2C50F00F0007B /* SenTestingKit.framework */ = {isa = PBXFileReference; includeInIndex = 1; lastKnownFileType = wrapper.framework; name = SenTestingKit.framework; path = Library/Frameworks/SenTestingKit.framework; sourceTree = DEVELOPER_DIR; };
		4DD2615816249DCB00E34D55 /* MarketArchivePersisterTest.m */ = {isa = PBXFileReference; fileEncoding = 4; lastKnownFileType = sourcecode.c.objc; path = MarketArchivePersisterTest.m; sourceTree = "<group>"; };
		4DD2615A16249F3800E34D55 /* LMArchivePersister.h */ = {isa = PBXFileReference; fileEncoding = 4; lastKnownFileType = sourcecode.c.h; path = LMArchivePersister.h; sourceTree = "<group>"; };
		4DD2615B16249F3800E34D55 /* LMArchivePersister.m */ = {isa = PBXFileReference; fileEncoding = 4; lastKnownFileType = sourcecode.c.objc; path = LMArchivePersister.m; sourceTree = "<group>"; };
		4DD7B53215C94C0E0022812D /* LittleMarket.app */ = {isa = PBXFileReference; explicitFileType = wrapper.application; includeInIndex = 0; path = LittleMarket.app; sourceTree = BUILT_PRODUCTS_DIR; };
		4DD7B53615C94C0E0022812D /* UIKit.framework */ = {isa = PBXFileReference; includeInIndex = 1; lastKnownFileType = wrapper.framework; name = UIKit.framework; path = System/Library/Frameworks/UIKit.framework; sourceTree = SDKROOT; };
		4DD7B53815C94C0E0022812D /* Foundation.framework */ = {isa = PBXFileReference; includeInIndex = 1; lastKnownFileType = wrapper.framework; name = Foundation.framework; path = System/Library/Frameworks/Foundation.framework; sourceTree = SDKROOT; };
		4DD7B53A15C94C0E0022812D /* CoreGraphics.framework */ = {isa = PBXFileReference; includeInIndex = 1; lastKnownFileType = wrapper.framework; name = CoreGraphics.framework; path = System/Library/Frameworks/CoreGraphics.framework; sourceTree = SDKROOT; };
		4DF2E3AC161394B100066481 /* LittleMarketTest.octest */ = {isa = PBXFileReference; explicitFileType = wrapper.cfbundle; includeInIndex = 0; path = LittleMarketTest.octest; sourceTree = BUILT_PRODUCTS_DIR; };
		4DF2E3B2161394B200066481 /* LittleMarketTest-Info.plist */ = {isa = PBXFileReference; lastKnownFileType = text.plist.xml; path = "LittleMarketTest-Info.plist"; sourceTree = "<group>"; };
		4DF2E3B9161394B200066481 /* LittleMarketTest-Prefix.pch */ = {isa = PBXFileReference; lastKnownFileType = sourcecode.c.h; path = "LittleMarketTest-Prefix.pch"; sourceTree = "<group>"; };
		4DF2E3C0161396DD00066481 /* InfoPlist.strings */ = {isa = PBXFileReference; fileEncoding = 4; lastKnownFileType = text.plist.strings; path = InfoPlist.strings; sourceTree = "<group>"; };
		77F0211BC572BA4F5A1EBAA2 /* LMPersistenceManager.h */ = {isa = PBXFileReference; fileEncoding = 4; lastKnownFileType = sourcecode.c.h; path = LMPersistenceManager.h; sourceTree = "<group>"; };
		77F0217ACB7803AB475A5368 /* JSONToMarketModelTest.m */ = {isa = PBXFileReference; fileEncoding = 4; lastKnownFileType = sourcecode.c.objc; path = JSONToMarketModelTest.m; sourceTree = "<group>"; };
		77F021F6F871F82CE2B9766B /* ReadWriteTextFromDocumentFolderTest.m */ = {isa = PBXFileReference; fileEncoding = 4; lastKnownFileType = sourcecode.c.objc; path = ReadWriteTextFromDocumentFolderTest.m; sourceTree = "<group>"; };
		77F0269094A8D1E91F4131F4 /* LMJsonPersister.h */ = {isa = PBXFileReference; fileEncoding = 4; lastKnownFileType = sourcecode.c.h; path = LMJsonPersister.h; sourceTree = "<group>"; };
		77F02728B3AC18A384B3944F /* InjectionTest.m */ = {isa = PBXFileReference; fileEncoding = 4; lastKnownFileType = sourcecode.c.objc; path = InjectionTest.m; sourceTree = "<group>"; };
		77F027463A0C9117F1E695EF /* JsonPersisterTests.m */ = {isa = PBXFileReference; fileEncoding = 4; lastKnownFileType = sourcecode.c.objc; path = JsonPersisterTests.m; sourceTree = "<group>"; };
		77F029A9D7748FEAE7BFA643 /* LMDataModel+JsonKit.h */ = {isa = PBXFileReference; fileEncoding = 4; lastKnownFileType = sourcecode.c.h; path = "LMDataModel+JsonKit.h"; sourceTree = "<group>"; };
		77F02B2069BF3E542B6A1BFA /* LMJsonPersister.m */ = {isa = PBXFileReference; fileEncoding = 4; lastKnownFileType = sourcecode.c.objc; path = LMJsonPersister.m; sourceTree = "<group>"; };
		77F02DA32DF85E2A9D093BF6 /* LMPersistenceManager.m */ = {isa = PBXFileReference; fileEncoding = 4; lastKnownFileType = sourcecode.c.objc; path = LMPersistenceManager.m; sourceTree = "<group>"; };
		77F02F8EAB86F60911111561 /* LMDataModel+JsonKit.m */ = {isa = PBXFileReference; fileEncoding = 4; lastKnownFileType = sourcecode.c.objc; path = "LMDataModel+JsonKit.m"; sourceTree = "<group>"; };
		838D5777F8EB46D4A1E7A2AC /* Pods.xcconfig */ = {isa = PBXFileReference; includeInIndex = 1; lastKnownFileType = text.xcconfig; name = Pods.xcconfig; path = Pods/Pods.xcconfig; sourceTree = SOURCE_ROOT; };
/* End PBXFileReference section */

/* Begin PBXFrameworksBuildPhase section */
		4DD7B52F15C94C0E0022812D /* Frameworks */ = {
			isa = PBXFrameworksBuildPhase;
			buildActionMask = 2147483647;
			files = (
				4DD7B53715C94C0E0022812D /* UIKit.framework in Frameworks */,
				4DD7B53915C94C0E0022812D /* Foundation.framework in Frameworks */,
				4DD7B53B15C94C0E0022812D /* CoreGraphics.framework in Frameworks */,
				3530FD6A5474496AB230D498 /* libPods.a in Frameworks */,
			);
			runOnlyForDeploymentPostprocessing = 0;
		};
		4DF2E3A8161394B100066481 /* Frameworks */ = {
			isa = PBXFrameworksBuildPhase;
			buildActionMask = 2147483647;
			files = (
				4DF2E3AD161394B100066481 /* SenTestingKit.framework in Frameworks */,
				4DF2E3AE161394B100066481 /* UIKit.framework in Frameworks */,
				4DF2E3AF161394B100066481 /* Foundation.framework in Frameworks */,
			);
			runOnlyForDeploymentPostprocessing = 0;
		};
/* End PBXFrameworksBuildPhase section */

/* Begin PBXGroup section */
		4D0FBCCE160AEA1E0049D022 /* Resources */ = {
			isa = PBXGroup;
			children = (
				4D0FBCD0160AEABE0049D022 /* LittleMarketTestData.json */,
			);
			name = Resources;
			path = ..;
			sourceTree = "<group>";
		};
		4D39B6E516DA868A00F682E7 /* Libraries */ = {
			isa = PBXGroup;
			children = (
				4D39B6E616DA868A00F682E7 /* MVIOC */,
			);
			path = Libraries;
			sourceTree = "<group>";
		};
		4D39B6E616DA868A00F682E7 /* MVIOC */ = {
			isa = PBXGroup;
			children = (
				4D39B6E716DA868A00F682E7 /* MVIOC */,
				4D39B6F316DA868A00F682E7 /* MVIOCContainer.m */,
				4D39B6F416DA868A00F682E7 /* MVIOCFactoryInjectionType.m */,
				4D39B6F516DA868A00F682E7 /* MVIOCProperty.m */,
				4D39B6F616DA868A00F682E7 /* MVIOCPropertyInjectionType.m */,
				4D39B6F716DA868A00F682E7 /* MVIOCSingletonCache.m */,
			);
			path = MVIOC;
			sourceTree = "<group>";
		};
		4D39B6E716DA868A00F682E7 /* MVIOC */ = {
			isa = PBXGroup;
			children = (
				4D39B6E816DA868A00F682E7 /* MVIOC.h */,
				4D39B6E916DA868A00F682E7 /* MVIOCActor.h */,
				4D39B6EA16DA868A00F682E7 /* MVIOCCache.h */,
				4D39B6EB16DA868A00F682E7 /* MVIOCContainer.h */,
				4D39B6EC16DA868A00F682E7 /* MVIOCControllerActor.h */,
				4D39B6ED16DA868A00F682E7 /* MVIOCControllerActor.m */,
				4D39B6EE16DA868A00F682E7 /* MVIOCFactoryInjectionType.h */,
				4D39B6EF16DA868A00F682E7 /* MVIOCInjectionType.h */,
				4D39B6F016DA868A00F682E7 /* MVIOCProperty.h */,
				4D39B6F116DA868A00F682E7 /* MVIOCPropertyInjectionType.h */,
				4D39B6F216DA868A00F682E7 /* MVIOCSingletonCache.h */,
			);
			path = MVIOC;
			sourceTree = "<group>";
		};
		4D39B70716DA8AA000F682E7 /* Application */ = {
			isa = PBXGroup;
			children = (
				4D39B70816DA8AA000F682E7 /* InfoPlist.strings */,
				4D39B70916DA8AA000F682E7 /* LittleMarket-Info.plist */,
				4D39B70A16DA8AA000F682E7 /* LittleMarket-Prefix.pch */,
				4D39B70B16DA8AA000F682E7 /* main.m */,
				4D39B70C16DA8AA000F682E7 /* LMAppDelegate.h */,
				4D39B70D16DA8AA000F682E7 /* LMAppDelegate.m */,
			);
			path = Application;
			sourceTree = "<group>";
		};
		4D39B70E16DA8AA000F682E7 /* DataModel */ = {
			isa = PBXGroup;
			children = (
				4D39B70F16DA8AA000F682E7 /* LMDataModel.h */,
				4D39B71016DA8AA000F682E7 /* LMDataModel.m */,
				4D39B71116DA8AA000F682E7 /* LMDataModelManager.h */,
				4D39B71216DA8AA000F682E7 /* LMDataModelManager.m */,
				4D39B71316DA8AA000F682E7 /* LMProduct.h */,
				4D39B71416DA8AA000F682E7 /* LMProduct.m */,
				4D39B71516DA8AA000F682E7 /* LMProductComparator.h */,
				4D39B71616DA8AA000F682E7 /* LMProductComparator.m */,
				4D39B71716DA8AA000F682E7 /* LMProductType.h */,
				4D39B71816DA8AA000F682E7 /* LMProductType.m */,
			);
			path = DataModel;
			sourceTree = "<group>";
		};
		4D39B71916DA8AA000F682E7 /* Protocols */ = {
			isa = PBXGroup;
			children = (
				4D39B71A16DA8AA000F682E7 /* LMBuyProductDelegate.h */,
				4D39B71B16DA8AA000F682E7 /* LMBackEndModel.h */,
				4D39B71C16DA8AA000F682E7 /* LMCartTableModel.h */,
				4D39B71D16DA8AA000F682E7 /* LMDataModelManagerProtocol.h */,
				4D39B71E16DA8AA000F682E7 /* LMPersistenceManagerProtocol.h */,
				4D39B71F16DA8AA000F682E7 /* LMPersisterProtocol.h */,
				4D39B72016DA8AA000F682E7 /* LMStoreFrontModel.h */,
			);
			path = Protocols;
			sourceTree = "<group>";
		};
		4D39B72116DA8AA000F682E7 /* Service */ = {
			isa = PBXGroup;
			children = (
				4D39B72216DA8AA000F682E7 /* LMConstants.h */,
				4D39B72316DA8AA000F682E7 /* LMConstants.m */,
				4D39B72416DA8AA000F682E7 /* LMApplicationService.h */,
				4D39B72516DA8AA000F682E7 /* LMApplicationService.m */,
				4D39B72616DA8AA000F682E7 /* LMContainerConfigurator.h */,
				4D39B72716DA8AA000F682E7 /* LMContainerConfigurator.m */,
				4D39B72816DA8AA000F682E7 /* LMFileManager.h */,
				4D39B72916DA8AA000F682E7 /* LMFileManager.m */,
			);
			path = Service;
			sourceTree = "<group>";
		};
		4D39B72A16DA8AA000F682E7 /* UI */ = {
			isa = PBXGroup;
			children = (
				4D39B72B16DA8AA000F682E7 /* Controllers */,
				4D39B73916DA8AA000F682E7 /* MainStoryboard.storyboard */,
				4D39B73A16DA8AA000F682E7 /* Views */,
			);
			path = UI;
			sourceTree = "<group>";
		};
		4D39B72B16DA8AA000F682E7 /* Controllers */ = {
			isa = PBXGroup;
			children = (
				4D39B73116DA8AA000F682E7 /* Cart */,
				4D39B72C16DA8AA000F682E7 /* BackEnd */,
				4D39B73416DA8AA000F682E7 /* StoreFront */,
			);
			path = Controllers;
			sourceTree = "<group>";
		};
		4D39B72C16DA8AA000F682E7 /* BackEnd */ = {
			isa = PBXGroup;
			children = (
				4D39B72D16DA8AA000F682E7 /* LMBackEndTableViewController.h */,
				4D39B72E16DA8AA000F682E7 /* LMBackEndTableViewController.m */,
				4D39B72F16DA8AA000F682E7 /* LMProductEditViewController.h */,
				4D39B73016DA8AA000F682E7 /* LMProductEditViewController.m */,
			);
			path = BackEnd;
			sourceTree = "<group>";
		};
		4D39B73116DA8AA000F682E7 /* Cart */ = {
			isa = PBXGroup;
			children = (
				4D4A065716EFBD1100742777 /* LMCartViewController.h */,
				4D4A065816EFBD1100742777 /* LMCartViewController.m */,
			);
			name = Cart;
			path = StoreFront/Cart;
			sourceTree = "<group>";
		};
		4D39B73416DA8AA000F682E7 /* StoreFront */ = {
			isa = PBXGroup;
			children = (
				4D39B73516DA8AA000F682E7 /* LMDetailTableViewController.h */,
				4D39B73616DA8AA000F682E7 /* LMDetailTableViewController.m */,
				4D39B73716DA8AA000F682E7 /* LMMasterViewController.h */,
				4D39B73816DA8AA000F682E7 /* LMMasterViewController.m */,
			);
			path = StoreFront;
			sourceTree = "<group>";
		};
		4D39B73A16DA8AA000F682E7 /* Views */ = {
			isa = PBXGroup;
			children = (
				4D39B73B16DA8AA000F682E7 /* LMProductCell.h */,
				4D39B73C16DA8AA000F682E7 /* LMProductCell.m */,
			);
			path = Views;
			sourceTree = "<group>";
		};
		4DD7B52715C94C0D0022812D = {
			isa = PBXGroup;
			children = (
				4D39B6E516DA868A00F682E7 /* Libraries */,
				4DD7B53C15C94C0E0022812D /* LittleMarket */,
				4DF2E3B0161394B100066481 /* LittleMarketTest */,
				4DD7B53515C94C0E0022812D /* Frameworks */,
				4DD7B53315C94C0E0022812D /* Products */,
				838D5777F8EB46D4A1E7A2AC /* Pods.xcconfig */,
			);
			sourceTree = "<group>";
		};
		4DD7B53315C94C0E0022812D /* Products */ = {
			isa = PBXGroup;
			children = (
				4DD7B53215C94C0E0022812D /* LittleMarket.app */,
				4DF2E3AC161394B100066481 /* LittleMarketTest.octest */,
			);
			name = Products;
			sourceTree = "<group>";
		};
		4DD7B53515C94C0E0022812D /* Frameworks */ = {
			isa = PBXGroup;
			children = (
				4DD7B53615C94C0E0022812D /* UIKit.framework */,
				4DD7B53815C94C0E0022812D /* Foundation.framework */,
				4DD7B53A15C94C0E0022812D /* CoreGraphics.framework */,
				4DBA646F15E2C50F00F0007B /* SenTestingKit.framework */,
				492692E5BE06409D83859779 /* libPods.a */,
			);
			name = Frameworks;
			sourceTree = "<group>";
		};
		4DD7B53C15C94C0E0022812D /* LittleMarket */ = {
			isa = PBXGroup;
			children = (
				4D39B70716DA8AA000F682E7 /* Application */,
				4D39B70E16DA8AA000F682E7 /* DataModel */,
				4D39B71916DA8AA000F682E7 /* Protocols */,
				4D39B72116DA8AA000F682E7 /* Service */,
				4D39B72A16DA8AA000F682E7 /* UI */,
				77F02AFA4FA757DD9BFB98D0 /* Persistence */,
			);
			path = LittleMarket;
			sourceTree = "<group>";
		};
		4DF2E3B0161394B100066481 /* LittleMarketTest */ = {
			isa = PBXGroup;
			children = (
				77F02728B3AC18A384B3944F /* InjectionTest.m */,
				77F027463A0C9117F1E695EF /* JsonPersisterTests.m */,
				77F021F6F871F82CE2B9766B /* ReadWriteTextFromDocumentFolderTest.m */,
				4D0FBCCE160AEA1E0049D022 /* Resources */,
				77F0217ACB7803AB475A5368 /* JSONToMarketModelTest.m */,
				4DF2E3B1161394B200066481 /* Supporting Files */,
				4D686525161B724400CE66A2 /* MarketDefaultJsonFileCreator.m */,
				4D68652F161B8BB500CE66A2 /* MarketTestClass.h */,
				4D686530161B8BB500CE66A2 /* MarketTestClass.m */,
				4D70B2DA161E03DF00102AB9 /* MarketInjectionTest.m */,
				4DD2615816249DCB00E34D55 /* MarketArchivePersisterTest.m */,
				4DB2A35F162618790021A0E6 /* MarketFAil.m */,
			);
			path = LittleMarketTest;
			sourceTree = "<group>";
		};
		4DF2E3B1161394B200066481 /* Supporting Files */ = {
			isa = PBXGroup;
			children = (
				4DF2E3B2161394B200066481 /* LittleMarketTest-Info.plist */,
				4DF2E3C0161396DD00066481 /* InfoPlist.strings */,
				4DF2E3B9161394B200066481 /* LittleMarketTest-Prefix.pch */,
			);
			name = "Supporting Files";
			sourceTree = "<group>";
		};
		77F02AFA4FA757DD9BFB98D0 /* Persistence */ = {
			isa = PBXGroup;
			children = (
				77F029A9D7748FEAE7BFA643 /* LMDataModel+JsonKit.h */,
				77F02F8EAB86F60911111561 /* LMDataModel+JsonKit.m */,
				77F02DA32DF85E2A9D093BF6 /* LMPersistenceManager.m */,
				77F0211BC572BA4F5A1EBAA2 /* LMPersistenceManager.h */,
				77F02B2069BF3E542B6A1BFA /* LMJsonPersister.m */,
				77F0269094A8D1E91F4131F4 /* LMJsonPersister.h */,
				4D0AC016160083CB001C067F /* LMDefaultPersister.m */,
				4D0AC015160083CB001C067F /* LMDefaultPersister.h */,
				4DD2615A16249F3800E34D55 /* LMArchivePersister.h */,
				4DD2615B16249F3800E34D55 /* LMArchivePersister.m */,
			);
			path = Persistence;
			sourceTree = "<group>";
		};
/* End PBXGroup section */

/* Begin PBXNativeTarget section */
		4DD7B53115C94C0E0022812D /* LittleMarket */ = {
			isa = PBXNativeTarget;
			buildConfigurationList = 4DD7B55315C94C0E0022812D /* Build configuration list for PBXNativeTarget "LittleMarket" */;
			buildPhases = (
				4DD7B52E15C94C0E0022812D /* Sources */,
				4DD7B52F15C94C0E0022812D /* Frameworks */,
				4DD7B53015C94C0E0022812D /* Resources */,
				26001A39ED8B4DD4BCCCCD3F /* Copy Pods Resources */,
			);
			buildRules = (
			);
			dependencies = (
			);
			name = LittleMarket;
			productName = LittleMarket;
			productReference = 4DD7B53215C94C0E0022812D /* LittleMarket.app */;
			productType = "com.apple.product-type.application";
		};
		4DF2E3AB161394B100066481 /* LittleMarketTest */ = {
			isa = PBXNativeTarget;
			buildConfigurationList = 4DF2E3BA161394B200066481 /* Build configuration list for PBXNativeTarget "LittleMarketTest" */;
			buildPhases = (
				4DF2E3A7161394B100066481 /* Sources */,
				4DF2E3A8161394B100066481 /* Frameworks */,
				4DF2E3A9161394B100066481 /* Resources */,
				4DF2E3AA161394B100066481 /* ShellScript */,
			);
			buildRules = (
			);
			dependencies = (
			);
			name = LittleMarketTest;
			productName = LittleMarketTest;
			productReference = 4DF2E3AC161394B100066481 /* LittleMarketTest.octest */;
			productType = "com.apple.product-type.bundle";
		};
/* End PBXNativeTarget section */

/* Begin PBXProject section */
		4DD7B52915C94C0D0022812D /* Project object */ = {
			isa = PBXProject;
			attributes = {
				CLASSPREFIX = LM;
				LastUpgradeCheck = 0460;
			};
			buildConfigurationList = 4DD7B52C15C94C0D0022812D /* Build configuration list for PBXProject "LittleMarket" */;
			compatibilityVersion = "Xcode 3.2";
			developmentRegion = English;
			hasScannedForEncodings = 0;
			knownRegions = (
				en,
			);
			mainGroup = 4DD7B52715C94C0D0022812D;
			productRefGroup = 4DD7B53315C94C0E0022812D /* Products */;
			projectDirPath = "";
			projectRoot = "";
			targets = (
				4DD7B53115C94C0E0022812D /* LittleMarket */,
				4DF2E3AB161394B100066481 /* LittleMarketTest */,
			);
		};
/* End PBXProject section */

/* Begin PBXResourcesBuildPhase section */
		4DD7B53015C94C0E0022812D /* Resources */ = {
			isa = PBXResourcesBuildPhase;
			buildActionMask = 2147483647;
			files = (
				4D39B74316DA8AA000F682E7 /* InfoPlist.strings in Resources */,
				4D39B74416DA8AA000F682E7 /* LittleMarket-Info.plist in Resources */,
				4D39B75516DA8AA000F682E7 /* MainStoryboard.storyboard in Resources */,
			);
			runOnlyForDeploymentPostprocessing = 0;
		};
		4DF2E3A9161394B100066481 /* Resources */ = {
			isa = PBXResourcesBuildPhase;
			buildActionMask = 2147483647;
			files = (
				4D686527161B779200CE66A2 /* LittleMarketTestData.json in Resources */,
				4DF2E3C1161396DD00066481 /* InfoPlist.strings in Resources */,
			);
			runOnlyForDeploymentPostprocessing = 0;
		};
/* End PBXResourcesBuildPhase section */

/* Begin PBXShellScriptBuildPhase section */
		26001A39ED8B4DD4BCCCCD3F /* Copy Pods Resources */ = {
			isa = PBXShellScriptBuildPhase;
			buildActionMask = 2147483647;
			files = (
			);
			inputPaths = (
			);
			name = "Copy Pods Resources";
			outputPaths = (
			);
			runOnlyForDeploymentPostprocessing = 0;
			shellPath = /bin/sh;
			shellScript = "\"${SRCROOT}/Pods/Pods-resources.sh\"\n";
		};
		4DF2E3AA161394B100066481 /* ShellScript */ = {
			isa = PBXShellScriptBuildPhase;
			buildActionMask = 2147483647;
			files = (
			);
			inputPaths = (
			);
			outputPaths = (
			);
			runOnlyForDeploymentPostprocessing = 0;
			shellPath = /bin/sh;
			shellScript = "# Run the unit tests in this test bundle.\n\"${SYSTEM_DEVELOPER_DIR}/Tools/RunUnitTests\"\n";
		};
/* End PBXShellScriptBuildPhase section */

/* Begin PBXSourcesBuildPhase section */
		4DD7B52E15C94C0E0022812D /* Sources */ = {
			isa = PBXSourcesBuildPhase;
			buildActionMask = 2147483647;
			files = (
				4D0AC01B160083CB001C067F /* LMDefaultPersister.m in Sources */,
				77F02EC162E3E06F902A2799 /* LMPersistenceManager.m in Sources */,
				77F02D3E19F9F14699210C54 /* LMJsonPersister.m in Sources */,
				77F02B2FAC17C193F01E0480 /* LMDataModel+JsonKit.m in Sources */,
				4DD2615C16249F3800E34D55 /* LMArchivePersister.m in Sources */,
				4D39B6F816DA868A00F682E7 /* MVIOCControllerActor.m in Sources */,
				4D39B6F916DA868A00F682E7 /* MVIOCContainer.m in Sources */,
				4D39B6FA16DA868A00F682E7 /* MVIOCFactoryInjectionType.m in Sources */,
				4D39B6FB16DA868A00F682E7 /* MVIOCProperty.m in Sources */,
				4D39B6FC16DA868A00F682E7 /* MVIOCPropertyInjectionType.m in Sources */,
				4D39B6FD16DA868A00F682E7 /* MVIOCSingletonCache.m in Sources */,
				4D39B74516DA8AA000F682E7 /* main.m in Sources */,
				4D39B74616DA8AA000F682E7 /* LMAppDelegate.m in Sources */,
				4D39B74716DA8AA000F682E7 /* LMDataModel.m in Sources */,
				4D39B74816DA8AA000F682E7 /* LMDataModelManager.m in Sources */,
				4D39B74916DA8AA000F682E7 /* LMProduct.m in Sources */,
				4D39B74A16DA8AA000F682E7 /* LMProductComparator.m in Sources */,
				4D39B74B16DA8AA000F682E7 /* LMProductType.m in Sources */,
				4D39B74C16DA8AA000F682E7 /* LMConstants.m in Sources */,
				4D39B74D16DA8AA000F682E7 /* LMApplicationService.m in Sources */,
				4D39B74E16DA8AA000F682E7 /* LMContainerConfigurator.m in Sources */,
				4D39B74F16DA8AA000F682E7 /* LMFileManager.m in Sources */,
				4D39B75016DA8AA000F682E7 /* LMBackEndTableViewController.m in Sources */,
				4D39B75116DA8AA000F682E7 /* LMProductEditViewController.m in Sources */,
				4D39B75316DA8AA000F682E7 /* LMDetailTableViewController.m in Sources */,
				4D39B75416DA8AA000F682E7 /* LMMasterViewController.m in Sources */,
				4D39B75616DA8AA000F682E7 /* LMProductCell.m in Sources */,
				4D4A065916EFBD1100742777 /* LMCartViewController.m in Sources */,
			);
			runOnlyForDeploymentPostprocessing = 0;
		};
		4DF2E3A7161394B100066481 /* Sources */ = {
			isa = PBXSourcesBuildPhase;
			buildActionMask = 2147483647;
			files = (
				4D686526161B72CE00CE66A2 /* MarketDefaultJsonFileCreator.m in Sources */,
				4DF2E3BE1613958800066481 /* JsonPersisterTests.m in Sources */,
				4DF2E3BF1613958800066481 /* JSONToMarketModelTest.m in Sources */,
				77F022689F00C5D1A17634BB /* ReadWriteTextFromDocumentFolderTest.m in Sources */,
				77F0206EE28895FB89F40FFA /* InjectionTest.m in Sources */,
				4D686531161B8BB500CE66A2 /* MarketTestClass.m in Sources */,
				4D70B2DB161E03DF00102AB9 /* MarketInjectionTest.m in Sources */,
				4DD2615916249DCB00E34D55 /* MarketArchivePersisterTest.m in Sources */,
				4DB2A360162618790021A0E6 /* MarketFAil.m in Sources */,
			);
			runOnlyForDeploymentPostprocessing = 0;
		};
/* End PBXSourcesBuildPhase section */

/* Begin XCBuildConfiguration section */
		4DD7B55115C94C0E0022812D /* Debug */ = {
			isa = XCBuildConfiguration;
			buildSettings = {
				ALWAYS_SEARCH_USER_PATHS = NO;
				ARCHS = "$(ARCHS_STANDARD_32_BIT)";
				CLANG_ENABLE_OBJC_ARC = YES;
				CLANG_WARN_CONSTANT_CONVERSION = YES;
				CLANG_WARN_ENUM_CONVERSION = YES;
				CLANG_WARN_INT_CONVERSION = YES;
				CLANG_WARN__DUPLICATE_METHOD_MATCH = YES;
				"CODE_SIGN_IDENTITY[sdk=iphoneos*]" = "iPhone Developer";
				COPY_PHASE_STRIP = NO;
				GCC_C_LANGUAGE_STANDARD = gnu99;
				GCC_DYNAMIC_NO_PIC = NO;
				GCC_OPTIMIZATION_LEVEL = 0;
				GCC_PREPROCESSOR_DEFINITIONS = (
					"DEBUG=1",
					"$(inherited)",
				);
				GCC_SYMBOLS_PRIVATE_EXTERN = NO;
				GCC_VERSION = com.apple.compilers.llvm.clang.1_0;
				GCC_WARN_ABOUT_RETURN_TYPE = YES;
				GCC_WARN_UNINITIALIZED_AUTOS = YES;
				GCC_WARN_UNUSED_VARIABLE = YES;
				HEADER_SEARCH_PATHS = "$(PROJECT_DIR)/Injective/Injective/Headers";
				IPHONEOS_DEPLOYMENT_TARGET = 6.1;
				PRODUCT_NAME = "";
				SDKROOT = iphoneos;
				TEST_AFTER_BUILD = NO;
			};
			name = Debug;
		};
		4DD7B55215C94C0E0022812D /* Release */ = {
			isa = XCBuildConfiguration;
			buildSettings = {
				ALWAYS_SEARCH_USER_PATHS = NO;
				ARCHS = "$(ARCHS_STANDARD_32_BIT)";
				CLANG_ENABLE_OBJC_ARC = YES;
				CLANG_WARN_CONSTANT_CONVERSION = YES;
				CLANG_WARN_ENUM_CONVERSION = YES;
				CLANG_WARN_INT_CONVERSION = YES;
				CLANG_WARN__DUPLICATE_METHOD_MATCH = YES;
				"CODE_SIGN_IDENTITY[sdk=iphoneos*]" = "iPhone Developer";
				COPY_PHASE_STRIP = YES;
				GCC_C_LANGUAGE_STANDARD = gnu99;
				GCC_VERSION = com.apple.compilers.llvm.clang.1_0;
				GCC_WARN_ABOUT_RETURN_TYPE = YES;
				GCC_WARN_UNINITIALIZED_AUTOS = YES;
				GCC_WARN_UNUSED_VARIABLE = YES;
				HEADER_SEARCH_PATHS = "$(PROJECT_DIR)/Injective/Injective/Headers";
				IPHONEOS_DEPLOYMENT_TARGET = 6.1;
				OTHER_CFLAGS = "-DNS_BLOCK_ASSERTIONS=1";
				PRODUCT_NAME = "";
				SDKROOT = iphoneos;
				TEST_AFTER_BUILD = NO;
				VALIDATE_PRODUCT = YES;
			};
			name = Release;
		};
		4DD7B55415C94C0E0022812D /* Debug */ = {
			isa = XCBuildConfiguration;
			baseConfigurationReference = 838D5777F8EB46D4A1E7A2AC /* Pods.xcconfig */;
			buildSettings = {
				BUNDLE_LOADER = "";
				GCC_PRECOMPILE_PREFIX_HEADER = YES;
				GCC_PREFIX_HEADER = "LittleMarket/Application/LittleMarket-Prefix.pch";
				GCC_SYMBOLS_PRIVATE_EXTERN = NO;
				INFOPLIST_FILE = "LittleMarket/Application/LittleMarket-Info.plist";
				LIBRARY_SEARCH_PATHS = "$(inherited)";
				PRODUCT_NAME = "$(TARGET_NAME)";
				TEST_AFTER_BUILD = NO;
				TEST_HOST = "";
				WRAPPER_EXTENSION = app;
			};
			name = Debug;
		};
		4DD7B55515C94C0E0022812D /* Release */ = {
			isa = XCBuildConfiguration;
			baseConfigurationReference = 838D5777F8EB46D4A1E7A2AC /* Pods.xcconfig */;
			buildSettings = {
				BUNDLE_LOADER = "";
				GCC_PRECOMPILE_PREFIX_HEADER = YES;
				GCC_PREFIX_HEADER = "LittleMarket/Application/LittleMarket-Prefix.pch";
				GCC_SYMBOLS_PRIVATE_EXTERN = NO;
				INFOPLIST_FILE = "LittleMarket/Application/LittleMarket-Info.plist";
				LIBRARY_SEARCH_PATHS = "$(inherited)";
				PRODUCT_NAME = "$(TARGET_NAME)";
				TEST_AFTER_BUILD = NO;
				TEST_HOST = "";
				WRAPPER_EXTENSION = app;
			};
			name = Release;
		};
		4DF2E3BB161394B200066481 /* Debug */ = {
			isa = XCBuildConfiguration;
			baseConfigurationReference = 838D5777F8EB46D4A1E7A2AC /* Pods.xcconfig */;
			buildSettings = {
				BUNDLE_LOADER = "$(BUILT_PRODUCTS_DIR)/LittleMarket.app/LittleMarket";
				CLANG_CXX_LANGUAGE_STANDARD = "gnu++0x";
				CLANG_WARN__DUPLICATE_METHOD_MATCH = YES;
				FRAMEWORK_SEARCH_PATHS = (
					"\"$(SDKROOT)/Developer/Library/Frameworks\"",
					"\"$(DEVELOPER_LIBRARY_DIR)/Frameworks\"",
				);
				GCC_PRECOMPILE_PREFIX_HEADER = YES;
				GCC_PREFIX_HEADER = "LittleMarketTest/LittleMarketTest-Prefix.pch";
				HEADER_SEARCH_PATHS = "${PODS_HEADERS_SEARCH_PATHS}";
				INFOPLIST_FILE = "LittleMarketTest/LittleMarketTest-Info.plist";
				PRODUCT_NAME = "$(TARGET_NAME)";
				TEST_HOST = "$(BUNDLE_LOADER)";
				WRAPPER_EXTENSION = octest;
			};
			name = Debug;
		};
		4DF2E3BC161394B200066481 /* Release */ = {
			isa = XCBuildConfiguration;
			baseConfigurationReference = 838D5777F8EB46D4A1E7A2AC /* Pods.xcconfig */;
			buildSettings = {
				BUNDLE_LOADER = "$(BUILT_PRODUCTS_DIR)/LittleMarket.app/LittleMarket";
				CLANG_CXX_LANGUAGE_STANDARD = "gnu++0x";
				CLANG_WARN__DUPLICATE_METHOD_MATCH = YES;
				FRAMEWORK_SEARCH_PATHS = (
					"\"$(SDKROOT)/Developer/Library/Frameworks\"",
					"\"$(DEVELOPER_LIBRARY_DIR)/Frameworks\"",
				);
				GCC_PRECOMPILE_PREFIX_HEADER = YES;
				GCC_PREFIX_HEADER = "LittleMarketTest/LittleMarketTest-Prefix.pch";
				HEADER_SEARCH_PATHS = "${PODS_HEADERS_SEARCH_PATHS}";
				INFOPLIST_FILE = "LittleMarketTest/LittleMarketTest-Info.plist";
				PRODUCT_NAME = "$(TARGET_NAME)";
				TEST_HOST = "$(BUNDLE_LOADER)";
				WRAPPER_EXTENSION = octest;
			};
			name = Release;
		};
/* End XCBuildConfiguration section */

/* Begin XCConfigurationList section */
		4DD7B52C15C94C0D0022812D /* Build configuration list for PBXProject "LittleMarket" */ = {
			isa = XCConfigurationList;
			buildConfigurations = (
				4DD7B55115C94C0E0022812D /* Debug */,
				4DD7B55215C94C0E0022812D /* Release */,
			);
			defaultConfigurationIsVisible = 0;
			defaultConfigurationName = Release;
		};
		4DD7B55315C94C0E0022812D /* Build configuration list for PBXNativeTarget "LittleMarket" */ = {
			isa = XCConfigurationList;
			buildConfigurations = (
				4DD7B55415C94C0E0022812D /* Debug */,
				4DD7B55515C94C0E0022812D /* Release */,
			);
			defaultConfigurationIsVisible = 0;
			defaultConfigurationName = Release;
		};
		4DF2E3BA161394B200066481 /* Build configuration list for PBXNativeTarget "LittleMarketTest" */ = {
			isa = XCConfigurationList;
			buildConfigurations = (
				4DF2E3BB161394B200066481 /* Debug */,
				4DF2E3BC161394B200066481 /* Release */,
			);
			defaultConfigurationIsVisible = 0;
			defaultConfigurationName = Release;
		};
/* End XCConfigurationList section */
	};
	rootObject = 4DD7B52915C94C0D0022812D /* Project object */;
}
