<?xml version="1.0" encoding="UTF-8"?>
<!DOCTYPE plist PUBLIC "-//Apple//DTD PLIST 1.0//EN" "http://www.apple.com/DTDs/PropertyList-1.0.dtd">
<plist version="1.0">
<dict>
	<key>archiveVersion</key>
	<string>1</string>
	<key>classes</key>
	<dict/>
	<key>objectVersion</key>
	<string>46</string>
	<key>objects</key>
	<dict>
		<key>0E9A2682CD3C4AE9BF498756</key>
		<dict>
			<key>fileRef</key>
			<string>E80A775C6A03442BBAA2EA34</string>
			<key>isa</key>
			<string>PBXBuildFile</string>
		</dict>
		<key>26001A39ED8B4DD4BCCCCD3F</key>
		<dict>
			<key>buildActionMask</key>
			<string>2147483647</string>
			<key>files</key>
			<array/>
			<key>inputPaths</key>
			<array/>
			<key>isa</key>
			<string>PBXShellScriptBuildPhase</string>
			<key>name</key>
			<string>Copy Pods Resources</string>
			<key>outputPaths</key>
			<array/>
			<key>runOnlyForDeploymentPostprocessing</key>
			<string>0</string>
			<key>shellPath</key>
			<string>/bin/sh</string>
			<key>shellScript</key>
			<string>"${SRCROOT}/Pods/Pods-resources.sh"
</string>
		</dict>
		<key>36D381DD520443F6AB7837E5</key>
		<dict>
			<key>explicitFileType</key>
			<string>archive.ar</string>
			<key>includeInIndex</key>
			<string>0</string>
			<key>isa</key>
			<string>PBXFileReference</string>
			<key>name</key>
			<string>libPods-LittleMarketTest.a</string>
			<key>path</key>
			<string>libPods-LittleMarketTest.a</string>
			<key>sourceTree</key>
			<string>BUILT_PRODUCTS_DIR</string>
		</dict>
		<key>4D0AC00615FFD0BA001C067F</key>
		<dict>
			<key>children</key>
			<array>
				<string>4DD7B54B15C94C0E0022812D</string>
				<string>4DD7B54C15C94C0E0022812D</string>
				<string>4DD7B54E15C94C0E0022812D</string>
				<string>4DD7B54F15C94C0E0022812D</string>
			</array>
			<key>isa</key>
			<string>PBXGroup</string>
			<key>name</key>
			<string>StoreFront</string>
			<key>sourceTree</key>
			<string>&lt;group&gt;</string>
		</dict>
		<key>4D0AC00815FFD0D5001C067F</key>
		<dict>
			<key>children</key>
			<array>
				<string>4D0AC00C15FFD1C4001C067F</string>
				<string>4D0AC00D15FFD1C4001C067F</string>
				<string>4D0AC02E1600C2A2001C067F</string>
				<string>4D0AC02F1600C2A2001C067F</string>
			</array>
			<key>isa</key>
			<string>PBXGroup</string>
			<key>name</key>
			<string>BackEnd</string>
			<key>sourceTree</key>
			<string>&lt;group&gt;</string>
		</dict>
		<key>4D0AC00C15FFD1C4001C067F</key>
		<dict>
			<key>fileEncoding</key>
			<string>4</string>
			<key>isa</key>
			<string>PBXFileReference</string>
			<key>lastKnownFileType</key>
			<string>sourcecode.c.h</string>
			<key>lineEnding</key>
			<string>0</string>
			<key>name</key>
			<string>MarketBackEndTableViewController.h</string>
			<key>path</key>
			<string>Controllers/BackEnd/MarketBackEndTableViewController.h</string>
			<key>sourceTree</key>
			<string>&lt;group&gt;</string>
			<key>xcLanguageSpecificationIdentifier</key>
			<string>xcode.lang.objcpp</string>
		</dict>
		<key>4D0AC00D15FFD1C4001C067F</key>
		<dict>
			<key>fileEncoding</key>
			<string>4</string>
			<key>isa</key>
			<string>PBXFileReference</string>
			<key>lastKnownFileType</key>
			<string>sourcecode.c.objc</string>
			<key>lineEnding</key>
			<string>0</string>
			<key>name</key>
			<string>MarketBackEndTableViewController.m</string>
			<key>path</key>
			<string>Controllers/BackEnd/MarketBackEndTableViewController.m</string>
			<key>sourceTree</key>
			<string>&lt;group&gt;</string>
			<key>xcLanguageSpecificationIdentifier</key>
			<string>xcode.lang.objc</string>
		</dict>
		<key>4D0AC00E15FFD1C4001C067F</key>
		<dict>
			<key>fileRef</key>
			<string>4D0AC00D15FFD1C4001C067F</string>
			<key>isa</key>
			<string>PBXBuildFile</string>
		</dict>
		<key>4D0AC01016007DF7001C067F</key>
		<dict>
			<key>fileEncoding</key>
			<string>4</string>
			<key>isa</key>
			<string>PBXFileReference</string>
			<key>lastKnownFileType</key>
			<string>sourcecode.c.h</string>
			<key>name</key>
			<string>MarketCartTableModel.h</string>
			<key>path</key>
			<string>Protocols/MarketCartTableModel.h</string>
			<key>sourceTree</key>
			<string>&lt;group&gt;</string>
		</dict>
		<key>4D0AC011160083CB001C067F</key>
		<dict>
			<key>fileEncoding</key>
			<string>4</string>
			<key>isa</key>
			<string>PBXFileReference</string>
			<key>lastKnownFileType</key>
			<string>sourcecode.c.h</string>
			<key>name</key>
			<string>MarketDataModelManager.h</string>
			<key>path</key>
			<string>DataModel/MarketDataModelManager.h</string>
			<key>sourceTree</key>
			<string>&lt;group&gt;</string>
		</dict>
		<key>4D0AC012160083CB001C067F</key>
		<dict>
			<key>fileEncoding</key>
			<string>4</string>
			<key>isa</key>
			<string>PBXFileReference</string>
			<key>lastKnownFileType</key>
			<string>sourcecode.c.objc</string>
			<key>name</key>
			<string>MarketDataModelManager.m</string>
			<key>path</key>
			<string>DataModel/MarketDataModelManager.m</string>
			<key>sourceTree</key>
			<string>&lt;group&gt;</string>
		</dict>
		<key>4D0AC013160083CB001C067F</key>
		<dict>
			<key>fileEncoding</key>
			<string>4</string>
			<key>isa</key>
			<string>PBXFileReference</string>
			<key>lastKnownFileType</key>
			<string>sourcecode.c.h</string>
			<key>name</key>
			<string>Product.h</string>
			<key>path</key>
			<string>DataModel/Product.h</string>
			<key>sourceTree</key>
			<string>&lt;group&gt;</string>
		</dict>
		<key>4D0AC014160083CB001C067F</key>
		<dict>
			<key>fileEncoding</key>
			<string>4</string>
			<key>isa</key>
			<string>PBXFileReference</string>
			<key>lastKnownFileType</key>
			<string>sourcecode.c.objc</string>
			<key>name</key>
			<string>Product.m</string>
			<key>path</key>
			<string>DataModel/Product.m</string>
			<key>sourceTree</key>
			<string>&lt;group&gt;</string>
		</dict>
		<key>4D0AC015160083CB001C067F</key>
		<dict>
			<key>fileEncoding</key>
			<string>4</string>
			<key>isa</key>
			<string>PBXFileReference</string>
			<key>lastKnownFileType</key>
			<string>sourcecode.c.h</string>
			<key>path</key>
			<string>MarketDefaultPersister.h</string>
			<key>sourceTree</key>
			<string>&lt;group&gt;</string>
		</dict>
		<key>4D0AC016160083CB001C067F</key>
		<dict>
			<key>fileEncoding</key>
			<string>4</string>
			<key>isa</key>
			<string>PBXFileReference</string>
			<key>lastKnownFileType</key>
			<string>sourcecode.c.objc</string>
			<key>path</key>
			<string>MarketDefaultPersister.m</string>
			<key>sourceTree</key>
			<string>&lt;group&gt;</string>
		</dict>
		<key>4D0AC017160083CB001C067F</key>
		<dict>
			<key>fileEncoding</key>
			<string>4</string>
			<key>isa</key>
			<string>PBXFileReference</string>
			<key>lastKnownFileType</key>
			<string>sourcecode.c.h</string>
			<key>name</key>
			<string>ProductType.h</string>
			<key>path</key>
			<string>DataModel/ProductType.h</string>
			<key>sourceTree</key>
			<string>&lt;group&gt;</string>
		</dict>
		<key>4D0AC018160083CB001C067F</key>
		<dict>
			<key>fileEncoding</key>
			<string>4</string>
			<key>isa</key>
			<string>PBXFileReference</string>
			<key>lastKnownFileType</key>
			<string>sourcecode.c.objc</string>
			<key>name</key>
			<string>ProductType.m</string>
			<key>path</key>
			<string>DataModel/ProductType.m</string>
			<key>sourceTree</key>
			<string>&lt;group&gt;</string>
		</dict>
		<key>4D0AC019160083CB001C067F</key>
		<dict>
			<key>fileRef</key>
			<string>4D0AC012160083CB001C067F</string>
			<key>isa</key>
			<string>PBXBuildFile</string>
		</dict>
		<key>4D0AC01A160083CB001C067F</key>
		<dict>
			<key>fileRef</key>
			<string>4D0AC014160083CB001C067F</string>
			<key>isa</key>
			<string>PBXBuildFile</string>
		</dict>
		<key>4D0AC01B160083CB001C067F</key>
		<dict>
			<key>fileRef</key>
			<string>4D0AC016160083CB001C067F</string>
			<key>isa</key>
			<string>PBXBuildFile</string>
		</dict>
		<key>4D0AC01C160083CB001C067F</key>
		<dict>
			<key>fileRef</key>
			<string>4D0AC018160083CB001C067F</string>
			<key>isa</key>
			<string>PBXBuildFile</string>
		</dict>
		<key>4D0AC01E16008438001C067F</key>
		<dict>
			<key>fileEncoding</key>
			<string>4</string>
			<key>isa</key>
			<string>PBXFileReference</string>
			<key>lastKnownFileType</key>
			<string>sourcecode.c.h</string>
			<key>name</key>
			<string>MarketPersisterProtocol.h</string>
			<key>path</key>
			<string>Protocols/MarketPersisterProtocol.h</string>
			<key>sourceTree</key>
			<string>&lt;group&gt;</string>
		</dict>
		<key>4D0AC01F16008438001C067F</key>
		<dict>
			<key>fileEncoding</key>
			<string>4</string>
			<key>isa</key>
			<string>PBXFileReference</string>
			<key>lastKnownFileType</key>
			<string>sourcecode.c.h</string>
			<key>name</key>
			<string>MarketBackEndModel.h</string>
			<key>path</key>
			<string>Protocols/MarketBackEndModel.h</string>
			<key>sourceTree</key>
			<string>&lt;group&gt;</string>
		</dict>
		<key>4D0AC02016008438001C067F</key>
		<dict>
			<key>fileEncoding</key>
			<string>4</string>
			<key>isa</key>
			<string>PBXFileReference</string>
			<key>lastKnownFileType</key>
			<string>sourcecode.c.h</string>
			<key>name</key>
			<string>MarketStoreFrontModel.h</string>
			<key>path</key>
			<string>Protocols/MarketStoreFrontModel.h</string>
			<key>sourceTree</key>
			<string>&lt;group&gt;</string>
		</dict>
		<key>4D0AC02216009585001C067F</key>
		<dict>
			<key>fileEncoding</key>
			<string>4</string>
			<key>isa</key>
			<string>PBXFileReference</string>
			<key>lastKnownFileType</key>
			<string>sourcecode.c.objc</string>
			<key>name</key>
			<string>ProductComparator.m</string>
			<key>path</key>
			<string>DataModel/ProductComparator.m</string>
			<key>sourceTree</key>
			<string>&lt;group&gt;</string>
		</dict>
		<key>4D0AC02316009585001C067F</key>
		<dict>
			<key>fileRef</key>
			<string>4D0AC02216009585001C067F</string>
			<key>isa</key>
			<string>PBXBuildFile</string>
		</dict>
		<key>4D0AC0241600968F001C067F</key>
		<dict>
			<key>fileEncoding</key>
			<string>4</string>
			<key>isa</key>
			<string>PBXFileReference</string>
			<key>lastKnownFileType</key>
			<string>sourcecode.c.h</string>
			<key>name</key>
			<string>ProductComparator.h</string>
			<key>path</key>
			<string>DataModel/ProductComparator.h</string>
			<key>sourceTree</key>
			<string>&lt;group&gt;</string>
		</dict>
		<key>4D0AC02516009FDC001C067F</key>
		<dict>
			<key>fileEncoding</key>
			<string>4</string>
			<key>isa</key>
			<string>PBXFileReference</string>
			<key>lastKnownFileType</key>
			<string>sourcecode.c.h</string>
			<key>name</key>
			<string>CartProductCell.h</string>
			<key>path</key>
			<string>Views/CartProductCell.h</string>
			<key>sourceTree</key>
			<string>&lt;group&gt;</string>
		</dict>
		<key>4D0AC02616009FDC001C067F</key>
		<dict>
			<key>fileEncoding</key>
			<string>4</string>
			<key>isa</key>
			<string>PBXFileReference</string>
			<key>lastKnownFileType</key>
			<string>sourcecode.c.objc</string>
			<key>lineEnding</key>
			<string>0</string>
			<key>name</key>
			<string>CartProductCell.m</string>
			<key>path</key>
			<string>Views/CartProductCell.m</string>
			<key>sourceTree</key>
			<string>&lt;group&gt;</string>
			<key>xcLanguageSpecificationIdentifier</key>
			<string>xcode.lang.objc</string>
		</dict>
		<key>4D0AC02716009FDC001C067F</key>
		<dict>
			<key>fileEncoding</key>
			<string>4</string>
			<key>isa</key>
			<string>PBXFileReference</string>
			<key>lastKnownFileType</key>
			<string>sourcecode.c.h</string>
			<key>name</key>
			<string>ProductCell.h</string>
			<key>path</key>
			<string>Views/ProductCell.h</string>
			<key>sourceTree</key>
			<string>&lt;group&gt;</string>
		</dict>
		<key>4D0AC02816009FDC001C067F</key>
		<dict>
			<key>fileEncoding</key>
			<string>4</string>
			<key>isa</key>
			<string>PBXFileReference</string>
			<key>lastKnownFileType</key>
			<string>sourcecode.c.objc</string>
			<key>name</key>
			<string>ProductCell.m</string>
			<key>path</key>
			<string>Views/ProductCell.m</string>
			<key>sourceTree</key>
			<string>&lt;group&gt;</string>
		</dict>
		<key>4D0AC02916009FDC001C067F</key>
		<dict>
			<key>fileRef</key>
			<string>4D0AC02616009FDC001C067F</string>
			<key>isa</key>
			<string>PBXBuildFile</string>
		</dict>
		<key>4D0AC02A16009FDC001C067F</key>
		<dict>
			<key>fileRef</key>
			<string>4D0AC02816009FDC001C067F</string>
			<key>isa</key>
			<string>PBXBuildFile</string>
		</dict>
		<key>4D0AC02B1600A104001C067F</key>
		<dict>
			<key>fileEncoding</key>
			<string>4</string>
			<key>isa</key>
			<string>PBXFileReference</string>
			<key>lastKnownFileType</key>
			<string>sourcecode.c.h</string>
			<key>name</key>
			<string>BackEndProductCell.h</string>
			<key>path</key>
			<string>Views/BackEndProductCell.h</string>
			<key>sourceTree</key>
			<string>&lt;group&gt;</string>
		</dict>
		<key>4D0AC02C1600A104001C067F</key>
		<dict>
			<key>fileEncoding</key>
			<string>4</string>
			<key>isa</key>
			<string>PBXFileReference</string>
			<key>lastKnownFileType</key>
			<string>sourcecode.c.objc</string>
			<key>lineEnding</key>
			<string>0</string>
			<key>name</key>
			<string>BackEndProductCell.m</string>
			<key>path</key>
			<string>Views/BackEndProductCell.m</string>
			<key>sourceTree</key>
			<string>&lt;group&gt;</string>
			<key>xcLanguageSpecificationIdentifier</key>
			<string>xcode.lang.objc</string>
		</dict>
		<key>4D0AC02D1600A104001C067F</key>
		<dict>
			<key>fileRef</key>
			<string>4D0AC02C1600A104001C067F</string>
			<key>isa</key>
			<string>PBXBuildFile</string>
		</dict>
		<key>4D0AC02E1600C2A2001C067F</key>
		<dict>
			<key>fileEncoding</key>
			<string>4</string>
			<key>isa</key>
			<string>PBXFileReference</string>
			<key>lastKnownFileType</key>
			<string>sourcecode.c.h</string>
			<key>lineEnding</key>
			<string>0</string>
			<key>name</key>
			<string>MarketProductEditViewController.h</string>
			<key>path</key>
			<string>Controllers/BackEnd/MarketProductEditViewController.h</string>
			<key>sourceTree</key>
			<string>&lt;group&gt;</string>
			<key>xcLanguageSpecificationIdentifier</key>
			<string>xcode.lang.objcpp</string>
		</dict>
		<key>4D0AC02F1600C2A2001C067F</key>
		<dict>
			<key>fileEncoding</key>
			<string>4</string>
			<key>isa</key>
			<string>PBXFileReference</string>
			<key>lastKnownFileType</key>
			<string>sourcecode.c.objc</string>
			<key>lineEnding</key>
			<string>0</string>
			<key>name</key>
			<string>MarketProductEditViewController.m</string>
			<key>path</key>
			<string>Controllers/BackEnd/MarketProductEditViewController.m</string>
			<key>sourceTree</key>
			<string>&lt;group&gt;</string>
			<key>xcLanguageSpecificationIdentifier</key>
			<string>xcode.lang.objc</string>
		</dict>
		<key>4D0AC0301600C2A2001C067F</key>
		<dict>
			<key>fileRef</key>
			<string>4D0AC02F1600C2A2001C067F</string>
			<key>isa</key>
			<string>PBXBuildFile</string>
		</dict>
		<key>4D0AC0321600CE94001C067F</key>
		<dict>
			<key>isa</key>
			<string>PBXFileReference</string>
			<key>lastKnownFileType</key>
			<string>sourcecode.c.h</string>
			<key>name</key>
			<string>BuyProductDelegate.h</string>
			<key>path</key>
			<string>Protocols/BuyProductDelegate.h</string>
			<key>sourceTree</key>
			<string>&lt;group&gt;</string>
		</dict>
		<key>4D0B84B4160CED21003072CC</key>
		<dict>
			<key>children</key>
			<array>
				<string>4DD7B54815C94C0E0022812D</string>
			</array>
			<key>isa</key>
			<string>PBXGroup</string>
			<key>name</key>
			<string>Resources</string>
			<key>sourceTree</key>
			<string>&lt;group&gt;</string>
		</dict>
		<key>4D0FBCCE160AEA1E0049D022</key>
		<dict>
			<key>children</key>
			<array>
				<string>4D0FBCD0160AEABE0049D022</string>
			</array>
			<key>isa</key>
			<string>PBXGroup</string>
			<key>name</key>
			<string>Resources</string>
			<key>path</key>
			<string>..</string>
			<key>sourceTree</key>
			<string>&lt;group&gt;</string>
		</dict>
		<key>4D0FBCD0160AEABE0049D022</key>
		<dict>
			<key>fileEncoding</key>
			<string>4</string>
			<key>isa</key>
			<string>PBXFileReference</string>
			<key>lastKnownFileType</key>
			<string>text.json</string>
			<key>name</key>
			<string>LittleMarketTestData.json</string>
			<key>path</key>
			<string>LittleMarketTest/Resources/LittleMarketTestData.json</string>
			<key>sourceTree</key>
			<string>SOURCE_ROOT</string>
		</dict>
		<key>4D3071E6161CBA1400A7921C</key>
		<dict>
			<key>children</key>
			<array>
				<string>4D3071E7161CBA1400A7921C</string>
				<string>4D3071F3161CBA1400A7921C</string>
				<string>4D3071F4161CBA1400A7921C</string>
				<string>4D3071F5161CBA1400A7921C</string>
				<string>4D3071F6161CBA1400A7921C</string>
				<string>4D3071F7161CBA1400A7921C</string>
			</array>
			<key>isa</key>
			<string>PBXGroup</string>
			<key>name</key>
			<string>IOC</string>
			<key>path</key>
			<string>Classes</string>
			<key>sourceTree</key>
			<string>&lt;group&gt;</string>
		</dict>
		<key>4D3071E7161CBA1400A7921C</key>
		<dict>
			<key>children</key>
			<array>
				<string>4D3071E8161CBA1400A7921C</string>
				<string>4D3071E9161CBA1400A7921C</string>
				<string>4D3071EA161CBA1400A7921C</string>
				<string>4D3071EB161CBA1400A7921C</string>
				<string>4D3071EC161CBA1400A7921C</string>
				<string>4D3071ED161CBA1400A7921C</string>
				<string>4D3071EE161CBA1400A7921C</string>
				<string>4D3071EF161CBA1400A7921C</string>
				<string>4D3071F0161CBA1400A7921C</string>
				<string>4D3071F1161CBA1400A7921C</string>
				<string>4D3071F2161CBA1400A7921C</string>
			</array>
			<key>isa</key>
			<string>PBXGroup</string>
			<key>path</key>
			<string>MVIOC</string>
			<key>sourceTree</key>
			<string>&lt;group&gt;</string>
		</dict>
		<key>4D3071E8161CBA1400A7921C</key>
		<dict>
			<key>fileEncoding</key>
			<string>4</string>
			<key>isa</key>
			<string>PBXFileReference</string>
			<key>lastKnownFileType</key>
			<string>sourcecode.c.h</string>
			<key>path</key>
			<string>MVIOC.h</string>
			<key>sourceTree</key>
			<string>&lt;group&gt;</string>
		</dict>
		<key>4D3071E9161CBA1400A7921C</key>
		<dict>
			<key>fileEncoding</key>
			<string>4</string>
			<key>isa</key>
			<string>PBXFileReference</string>
			<key>lastKnownFileType</key>
			<string>sourcecode.c.h</string>
			<key>path</key>
			<string>MVIOCActor.h</string>
			<key>sourceTree</key>
			<string>&lt;group&gt;</string>
		</dict>
		<key>4D3071EA161CBA1400A7921C</key>
		<dict>
			<key>fileEncoding</key>
			<string>4</string>
			<key>isa</key>
			<string>PBXFileReference</string>
			<key>lastKnownFileType</key>
			<string>sourcecode.c.h</string>
			<key>path</key>
			<string>MVIOCCache.h</string>
			<key>sourceTree</key>
			<string>&lt;group&gt;</string>
		</dict>
		<key>4D3071EB161CBA1400A7921C</key>
		<dict>
			<key>fileEncoding</key>
			<string>4</string>
			<key>isa</key>
			<string>PBXFileReference</string>
			<key>lastKnownFileType</key>
			<string>sourcecode.c.h</string>
			<key>path</key>
			<string>MVIOCContainer.h</string>
			<key>sourceTree</key>
			<string>&lt;group&gt;</string>
		</dict>
		<key>4D3071EC161CBA1400A7921C</key>
		<dict>
			<key>fileEncoding</key>
			<string>4</string>
			<key>isa</key>
			<string>PBXFileReference</string>
			<key>lastKnownFileType</key>
			<string>sourcecode.c.h</string>
			<key>path</key>
			<string>MVIOCControllerActor.h</string>
			<key>sourceTree</key>
			<string>&lt;group&gt;</string>
		</dict>
		<key>4D3071ED161CBA1400A7921C</key>
		<dict>
			<key>fileEncoding</key>
			<string>4</string>
			<key>isa</key>
			<string>PBXFileReference</string>
			<key>lastKnownFileType</key>
			<string>sourcecode.c.objc</string>
			<key>path</key>
			<string>MVIOCControllerActor.m</string>
			<key>sourceTree</key>
			<string>&lt;group&gt;</string>
		</dict>
		<key>4D3071EE161CBA1400A7921C</key>
		<dict>
			<key>fileEncoding</key>
			<string>4</string>
			<key>isa</key>
			<string>PBXFileReference</string>
			<key>lastKnownFileType</key>
			<string>sourcecode.c.h</string>
			<key>path</key>
			<string>MVIOCFactoryInjectionType.h</string>
			<key>sourceTree</key>
			<string>&lt;group&gt;</string>
		</dict>
		<key>4D3071EF161CBA1400A7921C</key>
		<dict>
			<key>fileEncoding</key>
			<string>4</string>
			<key>isa</key>
			<string>PBXFileReference</string>
			<key>lastKnownFileType</key>
			<string>sourcecode.c.h</string>
			<key>path</key>
			<string>MVIOCInjectionType.h</string>
			<key>sourceTree</key>
			<string>&lt;group&gt;</string>
		</dict>
		<key>4D3071F0161CBA1400A7921C</key>
		<dict>
			<key>fileEncoding</key>
			<string>4</string>
			<key>isa</key>
			<string>PBXFileReference</string>
			<key>lastKnownFileType</key>
			<string>sourcecode.c.h</string>
			<key>path</key>
			<string>MVIOCProperty.h</string>
			<key>sourceTree</key>
			<string>&lt;group&gt;</string>
		</dict>
		<key>4D3071F1161CBA1400A7921C</key>
		<dict>
			<key>fileEncoding</key>
			<string>4</string>
			<key>isa</key>
			<string>PBXFileReference</string>
			<key>lastKnownFileType</key>
			<string>sourcecode.c.h</string>
			<key>path</key>
			<string>MVIOCPropertyInjectionType.h</string>
			<key>sourceTree</key>
			<string>&lt;group&gt;</string>
		</dict>
		<key>4D3071F2161CBA1400A7921C</key>
		<dict>
			<key>fileEncoding</key>
			<string>4</string>
			<key>isa</key>
			<string>PBXFileReference</string>
			<key>lastKnownFileType</key>
			<string>sourcecode.c.h</string>
			<key>path</key>
			<string>MVIOCSingletonCache.h</string>
			<key>sourceTree</key>
			<string>&lt;group&gt;</string>
		</dict>
		<key>4D3071F3161CBA1400A7921C</key>
		<dict>
			<key>fileEncoding</key>
			<string>4</string>
			<key>isa</key>
			<string>PBXFileReference</string>
			<key>lastKnownFileType</key>
			<string>sourcecode.c.objc</string>
			<key>path</key>
			<string>MVIOCContainer.m</string>
			<key>sourceTree</key>
			<string>&lt;group&gt;</string>
		</dict>
		<key>4D3071F4161CBA1400A7921C</key>
		<dict>
			<key>fileEncoding</key>
			<string>4</string>
			<key>isa</key>
			<string>PBXFileReference</string>
			<key>lastKnownFileType</key>
			<string>sourcecode.c.objc</string>
			<key>path</key>
			<string>MVIOCFactoryInjectionType.m</string>
			<key>sourceTree</key>
			<string>&lt;group&gt;</string>
		</dict>
		<key>4D3071F5161CBA1400A7921C</key>
		<dict>
			<key>fileEncoding</key>
			<string>4</string>
			<key>isa</key>
			<string>PBXFileReference</string>
			<key>lastKnownFileType</key>
			<string>sourcecode.c.objc</string>
			<key>path</key>
			<string>MVIOCProperty.m</string>
			<key>sourceTree</key>
			<string>&lt;group&gt;</string>
		</dict>
		<key>4D3071F6161CBA1400A7921C</key>
		<dict>
			<key>fileEncoding</key>
			<string>4</string>
			<key>isa</key>
			<string>PBXFileReference</string>
			<key>lastKnownFileType</key>
			<string>sourcecode.c.objc</string>
			<key>path</key>
			<string>MVIOCPropertyInjectionType.m</string>
			<key>sourceTree</key>
			<string>&lt;group&gt;</string>
		</dict>
		<key>4D3071F7161CBA1400A7921C</key>
		<dict>
			<key>fileEncoding</key>
			<string>4</string>
			<key>isa</key>
			<string>PBXFileReference</string>
			<key>lastKnownFileType</key>
			<string>sourcecode.c.objc</string>
			<key>path</key>
			<string>MVIOCSingletonCache.m</string>
			<key>sourceTree</key>
			<string>&lt;group&gt;</string>
		</dict>
		<key>4D3071F8161CBA1400A7921C</key>
		<dict>
			<key>fileRef</key>
			<string>4D3071ED161CBA1400A7921C</string>
			<key>isa</key>
			<string>PBXBuildFile</string>
			<key>settings</key>
			<dict>
				<key>COMPILER_FLAGS</key>
				<string>-fno-objc-arc</string>
			</dict>
		</dict>
		<key>4D3071F9161CBA1400A7921C</key>
		<dict>
			<key>fileRef</key>
			<string>4D3071F3161CBA1400A7921C</string>
			<key>isa</key>
			<string>PBXBuildFile</string>
			<key>settings</key>
			<dict>
				<key>COMPILER_FLAGS</key>
				<string>-fno-objc-arc</string>
			</dict>
		</dict>
		<key>4D3071FA161CBA1400A7921C</key>
		<dict>
			<key>fileRef</key>
			<string>4D3071F4161CBA1400A7921C</string>
			<key>isa</key>
			<string>PBXBuildFile</string>
			<key>settings</key>
			<dict>
				<key>COMPILER_FLAGS</key>
				<string>-fno-objc-arc</string>
			</dict>
		</dict>
		<key>4D3071FB161CBA1400A7921C</key>
		<dict>
			<key>fileRef</key>
			<string>4D3071F5161CBA1400A7921C</string>
			<key>isa</key>
			<string>PBXBuildFile</string>
			<key>settings</key>
			<dict>
				<key>COMPILER_FLAGS</key>
				<string>-fno-objc-arc</string>
			</dict>
		</dict>
		<key>4D3071FC161CBA1400A7921C</key>
		<dict>
			<key>fileRef</key>
			<string>4D3071F6161CBA1400A7921C</string>
			<key>isa</key>
			<string>PBXBuildFile</string>
			<key>settings</key>
			<dict>
				<key>COMPILER_FLAGS</key>
				<string>-fno-objc-arc</string>
			</dict>
		</dict>
		<key>4D3071FD161CBA1400A7921C</key>
		<dict>
			<key>fileRef</key>
			<string>4D3071F7161CBA1400A7921C</string>
			<key>isa</key>
			<string>PBXBuildFile</string>
			<key>settings</key>
			<dict>
				<key>COMPILER_FLAGS</key>
				<string>-fno-objc-arc</string>
			</dict>
		</dict>
		<key>4D3071FF161CC6CC00A7921C</key>
		<dict>
			<key>fileEncoding</key>
			<string>4</string>
			<key>isa</key>
			<string>PBXFileReference</string>
			<key>lastKnownFileType</key>
			<string>sourcecode.c.h</string>
			<key>path</key>
			<string>MarketApplicationService.h</string>
			<key>sourceTree</key>
			<string>&lt;group&gt;</string>
		</dict>
		<key>4D307200161CC6CC00A7921C</key>
		<dict>
			<key>fileEncoding</key>
			<string>4</string>
			<key>isa</key>
			<string>PBXFileReference</string>
			<key>lastKnownFileType</key>
			<string>sourcecode.c.objc</string>
			<key>path</key>
			<string>MarketApplicationService.m</string>
			<key>sourceTree</key>
			<string>&lt;group&gt;</string>
		</dict>
		<key>4D307201161CC6CC00A7921C</key>
		<dict>
			<key>fileRef</key>
			<string>4D307200161CC6CC00A7921C</string>
			<key>isa</key>
			<string>PBXBuildFile</string>
		</dict>
		<key>4D307202161CCD9000A7921C</key>
		<dict>
			<key>fileEncoding</key>
			<string>4</string>
			<key>isa</key>
			<string>PBXFileReference</string>
			<key>lastKnownFileType</key>
			<string>sourcecode.c.h</string>
			<key>path</key>
			<string>MarketConfigurator.h</string>
			<key>sourceTree</key>
			<string>&lt;group&gt;</string>
		</dict>
		<key>4D307203161CCD9000A7921C</key>
		<dict>
			<key>fileEncoding</key>
			<string>4</string>
			<key>isa</key>
			<string>PBXFileReference</string>
			<key>lastKnownFileType</key>
			<string>sourcecode.c.objc</string>
			<key>path</key>
			<string>MarketConfigurator.m</string>
			<key>sourceTree</key>
			<string>&lt;group&gt;</string>
		</dict>
		<key>4D307204161CCD9000A7921C</key>
		<dict>
			<key>fileRef</key>
			<string>4D307203161CCD9000A7921C</string>
			<key>isa</key>
			<string>PBXBuildFile</string>
		</dict>
		<key>4D43107C161D4C4300741968</key>
		<dict>
			<key>fileEncoding</key>
			<string>4</string>
			<key>isa</key>
			<string>PBXFileReference</string>
			<key>lastKnownFileType</key>
			<string>sourcecode.c.h</string>
			<key>name</key>
			<string>MarketPersistenceManagerProtocol.h</string>
			<key>path</key>
			<string>Protocols/MarketPersistenceManagerProtocol.h</string>
			<key>sourceTree</key>
			<string>&lt;group&gt;</string>
		</dict>
		<key>4D4A511F1605B198007D58A6</key>
		<dict>
			<key>children</key>
			<array>
				<string>4DA4989715EEA57B000A9426</string>
				<string>4DA4989815EEA57B000A9426</string>
			</array>
			<key>isa</key>
			<string>PBXGroup</string>
			<key>name</key>
			<string>Cart</string>
			<key>sourceTree</key>
			<string>&lt;group&gt;</string>
		</dict>
		<key>4D5697B215D84F2500878122</key>
		<dict>
			<key>children</key>
			<array>
				<string>4D0AC01E16008438001C067F</string>
				<string>4D0AC01F16008438001C067F</string>
				<string>4D0AC0321600CE94001C067F</string>
				<string>4D0AC02016008438001C067F</string>
				<string>4D0AC01016007DF7001C067F</string>
				<string>4D43107C161D4C4300741968</string>
				<string>4D70B2DD161E0B8600102AB9</string>
			</array>
			<key>isa</key>
			<string>PBXGroup</string>
			<key>name</key>
			<string>Protocols</string>
			<key>sourceTree</key>
			<string>&lt;group&gt;</string>
		</dict>
		<key>4D686525161B724400CE66A2</key>
		<dict>
			<key>isa</key>
			<string>PBXFileReference</string>
			<key>lastKnownFileType</key>
			<string>sourcecode.c.objc</string>
			<key>path</key>
			<string>MarketDefaultJsonFileCreator.m</string>
			<key>sourceTree</key>
			<string>&lt;group&gt;</string>
		</dict>
		<key>4D686526161B72CE00CE66A2</key>
		<dict>
			<key>fileRef</key>
			<string>4D686525161B724400CE66A2</string>
			<key>isa</key>
			<string>PBXBuildFile</string>
		</dict>
		<key>4D686527161B779200CE66A2</key>
		<dict>
			<key>fileRef</key>
			<string>4D0FBCD0160AEABE0049D022</string>
			<key>isa</key>
			<string>PBXBuildFile</string>
		</dict>
		<key>4D68652F161B8BB500CE66A2</key>
		<dict>
			<key>fileEncoding</key>
			<string>4</string>
			<key>isa</key>
			<string>PBXFileReference</string>
			<key>lastKnownFileType</key>
			<string>sourcecode.c.h</string>
			<key>path</key>
			<string>MarketTestClass.h</string>
			<key>sourceTree</key>
			<string>&lt;group&gt;</string>
		</dict>
		<key>4D686530161B8BB500CE66A2</key>
		<dict>
			<key>fileEncoding</key>
			<string>4</string>
			<key>isa</key>
			<string>PBXFileReference</string>
			<key>lastKnownFileType</key>
			<string>sourcecode.c.objc</string>
			<key>path</key>
			<string>MarketTestClass.m</string>
			<key>sourceTree</key>
			<string>&lt;group&gt;</string>
		</dict>
		<key>4D686531161B8BB500CE66A2</key>
		<dict>
			<key>fileRef</key>
			<string>4D686530161B8BB500CE66A2</string>
			<key>isa</key>
			<string>PBXBuildFile</string>
		</dict>
		<key>4D70B2DA161E03DF00102AB9</key>
		<dict>
			<key>fileEncoding</key>
			<string>4</string>
			<key>isa</key>
			<string>PBXFileReference</string>
			<key>lastKnownFileType</key>
			<string>sourcecode.c.objc</string>
			<key>path</key>
			<string>MarketInjectionTest.m</string>
			<key>sourceTree</key>
			<string>&lt;group&gt;</string>
		</dict>
		<key>4D70B2DB161E03DF00102AB9</key>
		<dict>
			<key>fileRef</key>
			<string>4D70B2DA161E03DF00102AB9</string>
			<key>isa</key>
			<string>PBXBuildFile</string>
		</dict>
		<key>4D70B2DD161E0B8600102AB9</key>
		<dict>
			<key>fileEncoding</key>
			<string>4</string>
			<key>isa</key>
			<string>PBXFileReference</string>
			<key>lastKnownFileType</key>
			<string>sourcecode.c.h</string>
			<key>path</key>
			<string>MarketDataModelManagerProtocol.h</string>
			<key>sourceTree</key>
			<string>&lt;group&gt;</string>
		</dict>
		<key>4DA4989715EEA57B000A9426</key>
		<dict>
			<key>fileEncoding</key>
			<string>4</string>
			<key>isa</key>
			<string>PBXFileReference</string>
			<key>lastKnownFileType</key>
			<string>sourcecode.c.h</string>
			<key>name</key>
			<string>MarketCartViewController.h</string>
			<key>path</key>
			<string>Controllers/MarketCartViewController.h</string>
			<key>sourceTree</key>
			<string>&lt;group&gt;</string>
		</dict>
		<key>4DA4989815EEA57B000A9426</key>
		<dict>
			<key>fileEncoding</key>
			<string>4</string>
			<key>isa</key>
			<string>PBXFileReference</string>
			<key>lastKnownFileType</key>
			<string>sourcecode.c.objc</string>
			<key>name</key>
			<string>MarketCartViewController.m</string>
			<key>path</key>
			<string>Controllers/MarketCartViewController.m</string>
			<key>sourceTree</key>
			<string>&lt;group&gt;</string>
		</dict>
		<key>4DA4989915EEA57B000A9426</key>
		<dict>
			<key>fileRef</key>
			<string>4DA4989815EEA57B000A9426</string>
			<key>isa</key>
			<string>PBXBuildFile</string>
		</dict>
		<key>4DB2A35E162618790021A0E6</key>
		<dict>
			<key>fileEncoding</key>
			<string>4</string>
			<key>isa</key>
			<string>PBXFileReference</string>
			<key>lastKnownFileType</key>
			<string>sourcecode.c.h</string>
			<key>path</key>
			<string>MarketFAil.h</string>
			<key>sourceTree</key>
			<string>&lt;group&gt;</string>
		</dict>
		<key>4DB2A35F162618790021A0E6</key>
		<dict>
			<key>fileEncoding</key>
			<string>4</string>
			<key>isa</key>
			<string>PBXFileReference</string>
			<key>lastKnownFileType</key>
			<string>sourcecode.c.objc</string>
			<key>path</key>
			<string>MarketFAil.m</string>
			<key>sourceTree</key>
			<string>&lt;group&gt;</string>
		</dict>
		<key>4DB2A360162618790021A0E6</key>
		<dict>
			<key>fileRef</key>
			<string>4DB2A35F162618790021A0E6</string>
			<key>isa</key>
			<string>PBXBuildFile</string>
		</dict>
		<key>4DBA646F15E2C50F00F0007B</key>
		<dict>
			<key>includeInIndex</key>
			<string>1</string>
			<key>isa</key>
			<string>PBXFileReference</string>
			<key>lastKnownFileType</key>
			<string>wrapper.framework</string>
			<key>name</key>
			<string>SenTestingKit.framework</string>
			<key>path</key>
			<string>Library/Frameworks/SenTestingKit.framework</string>
			<key>sourceTree</key>
			<string>DEVELOPER_DIR</string>
		</dict>
		<key>4DD2615816249DCB00E34D55</key>
		<dict>
			<key>fileEncoding</key>
			<string>4</string>
			<key>isa</key>
			<string>PBXFileReference</string>
			<key>lastKnownFileType</key>
			<string>sourcecode.c.objc</string>
			<key>path</key>
			<string>MarketArchivePersisterTest.m</string>
			<key>sourceTree</key>
			<string>&lt;group&gt;</string>
		</dict>
		<key>4DD2615916249DCB00E34D55</key>
		<dict>
			<key>fileRef</key>
			<string>4DD2615816249DCB00E34D55</string>
			<key>isa</key>
			<string>PBXBuildFile</string>
		</dict>
		<key>4DD2615A16249F3800E34D55</key>
		<dict>
			<key>fileEncoding</key>
			<string>4</string>
			<key>isa</key>
			<string>PBXFileReference</string>
			<key>lastKnownFileType</key>
			<string>sourcecode.c.h</string>
			<key>path</key>
			<string>MarketArchivePersister.h</string>
			<key>sourceTree</key>
			<string>&lt;group&gt;</string>
		</dict>
		<key>4DD2615B16249F3800E34D55</key>
		<dict>
			<key>fileEncoding</key>
			<string>4</string>
			<key>isa</key>
			<string>PBXFileReference</string>
			<key>lastKnownFileType</key>
			<string>sourcecode.c.objc</string>
			<key>path</key>
			<string>MarketArchivePersister.m</string>
			<key>sourceTree</key>
			<string>&lt;group&gt;</string>
		</dict>
		<key>4DD2615C16249F3800E34D55</key>
		<dict>
			<key>fileRef</key>
			<string>4DD2615B16249F3800E34D55</string>
			<key>isa</key>
			<string>PBXBuildFile</string>
		</dict>
		<key>4DD7B52715C94C0D0022812D</key>
		<dict>
			<key>children</key>
			<array>
				<string>4D3071E6161CBA1400A7921C</string>
				<string>4DD7B53C15C94C0E0022812D</string>
				<string>4DF2E3B0161394B100066481</string>
				<string>4DD7B53515C94C0E0022812D</string>
				<string>4DD7B53315C94C0E0022812D</string>
				<string>A760EE56710B4032B864EA26</string>
				<string>A0188A6630DB4CA5B3C5388C</string>
			</array>
			<key>isa</key>
			<string>PBXGroup</string>
			<key>sourceTree</key>
			<string>&lt;group&gt;</string>
		</dict>
		<key>4DD7B52915C94C0D0022812D</key>
		<dict>
			<key>attributes</key>
			<dict>
				<key>CLASSPREFIX</key>
				<string>Market</string>
				<key>LastUpgradeCheck</key>
				<string>0430</string>
			</dict>
			<key>buildConfigurationList</key>
			<string>4DD7B52C15C94C0D0022812D</string>
			<key>compatibilityVersion</key>
			<string>Xcode 3.2</string>
			<key>developmentRegion</key>
			<string>English</string>
			<key>hasScannedForEncodings</key>
			<string>0</string>
			<key>isa</key>
			<string>PBXProject</string>
			<key>knownRegions</key>
			<array>
				<string>en</string>
			</array>
			<key>mainGroup</key>
			<string>4DD7B52715C94C0D0022812D</string>
			<key>productRefGroup</key>
			<string>4DD7B53315C94C0E0022812D</string>
			<key>projectDirPath</key>
			<string></string>
			<key>projectRoot</key>
			<string></string>
			<key>targets</key>
			<array>
				<string>4DD7B53115C94C0E0022812D</string>
				<string>4DF2E3AB161394B100066481</string>
			</array>
		</dict>
		<key>4DD7B52C15C94C0D0022812D</key>
		<dict>
			<key>buildConfigurations</key>
			<array>
				<string>4DD7B55115C94C0E0022812D</string>
				<string>4DD7B55215C94C0E0022812D</string>
			</array>
			<key>defaultConfigurationIsVisible</key>
			<string>0</string>
			<key>defaultConfigurationName</key>
			<string>Release</string>
			<key>isa</key>
			<string>XCConfigurationList</string>
		</dict>
		<key>4DD7B52E15C94C0E0022812D</key>
		<dict>
			<key>buildActionMask</key>
			<string>2147483647</string>
			<key>files</key>
			<array>
				<string>4DD7B54315C94C0E0022812D</string>
				<string>4DD7B54715C94C0E0022812D</string>
				<string>4DD7B54D15C94C0E0022812D</string>
				<string>4DD7B55015C94C0E0022812D</string>
				<string>4DEC65FD15EC0C550000F173</string>
				<string>4DA4989915EEA57B000A9426</string>
				<string>4D0AC00E15FFD1C4001C067F</string>
				<string>4D0AC019160083CB001C067F</string>
				<string>4D0AC01A160083CB001C067F</string>
				<string>4D0AC01B160083CB001C067F</string>
				<string>4D0AC01C160083CB001C067F</string>
				<string>4D0AC02316009585001C067F</string>
				<string>4D0AC02916009FDC001C067F</string>
				<string>4D0AC02A16009FDC001C067F</string>
				<string>4D0AC02D1600A104001C067F</string>
				<string>4D0AC0301600C2A2001C067F</string>
				<string>77F02EC162E3E06F902A2799</string>
				<string>77F025AD81045A29B0BDDCE3</string>
				<string>77F02D3E19F9F14699210C54</string>
				<string>77F02EAB39E039554F729B9A</string>
				<string>77F02B2FAC17C193F01E0480</string>
				<string>77F025364C89BFD411680429</string>
				<string>4D3071F8161CBA1400A7921C</string>
				<string>4D3071F9161CBA1400A7921C</string>
				<string>4D3071FA161CBA1400A7921C</string>
				<string>4D3071FB161CBA1400A7921C</string>
				<string>4D3071FC161CBA1400A7921C</string>
				<string>4D3071FD161CBA1400A7921C</string>
				<string>4D307201161CC6CC00A7921C</string>
				<string>4D307204161CCD9000A7921C</string>
				<string>4DD2615C16249F3800E34D55</string>
			</array>
			<key>isa</key>
			<string>PBXSourcesBuildPhase</string>
			<key>runOnlyForDeploymentPostprocessing</key>
			<string>0</string>
		</dict>
		<key>4DD7B52F15C94C0E0022812D</key>
		<dict>
			<key>buildActionMask</key>
			<string>2147483647</string>
			<key>files</key>
			<array>
				<string>4DD7B53715C94C0E0022812D</string>
				<string>4DD7B53915C94C0E0022812D</string>
				<string>4DD7B53B15C94C0E0022812D</string>
				<string>0E9A2682CD3C4AE9BF498756</string>
			</array>
			<key>isa</key>
			<string>PBXFrameworksBuildPhase</string>
			<key>runOnlyForDeploymentPostprocessing</key>
			<string>0</string>
		</dict>
		<key>4DD7B53015C94C0E0022812D</key>
		<dict>
			<key>buildActionMask</key>
			<string>2147483647</string>
			<key>files</key>
			<array>
				<string>4DD7B54115C94C0E0022812D</string>
				<string>4DD7B54A15C94C0E0022812D</string>
			</array>
			<key>isa</key>
			<string>PBXResourcesBuildPhase</string>
			<key>runOnlyForDeploymentPostprocessing</key>
			<string>0</string>
		</dict>
		<key>4DD7B53115C94C0E0022812D</key>
		<dict>
			<key>buildConfigurationList</key>
			<string>4DD7B55315C94C0E0022812D</string>
			<key>buildPhases</key>
			<array>
				<string>4DD7B52E15C94C0E0022812D</string>
				<string>4DD7B52F15C94C0E0022812D</string>
				<string>4DD7B53015C94C0E0022812D</string>
				<string>26001A39ED8B4DD4BCCCCD3F</string>
			</array>
			<key>buildRules</key>
			<array/>
			<key>dependencies</key>
			<array/>
			<key>isa</key>
			<string>PBXNativeTarget</string>
			<key>name</key>
			<string>LittleMarket</string>
			<key>productName</key>
			<string>LittleMarket</string>
			<key>productReference</key>
			<string>4DD7B53215C94C0E0022812D</string>
			<key>productType</key>
			<string>com.apple.product-type.application</string>
		</dict>
		<key>4DD7B53215C94C0E0022812D</key>
		<dict>
			<key>explicitFileType</key>
			<string>wrapper.application</string>
			<key>includeInIndex</key>
			<string>0</string>
			<key>isa</key>
			<string>PBXFileReference</string>
			<key>name</key>
			<string>LittleMarket.app</string>
			<key>path</key>
			<string>LittleMarket.app</string>
			<key>sourceTree</key>
			<string>BUILT_PRODUCTS_DIR</string>
		</dict>
		<key>4DD7B53315C94C0E0022812D</key>
		<dict>
			<key>children</key>
			<array>
				<string>4DD7B53215C94C0E0022812D</string>
				<string>4DF2E3AC161394B100066481</string>
			</array>
			<key>isa</key>
			<string>PBXGroup</string>
			<key>name</key>
			<string>Products</string>
			<key>sourceTree</key>
			<string>&lt;group&gt;</string>
		</dict>
		<key>4DD7B53515C94C0E0022812D</key>
		<dict>
			<key>children</key>
			<array>
				<string>4DD7B53615C94C0E0022812D</string>
				<string>4DD7B53815C94C0E0022812D</string>
				<string>4DD7B53A15C94C0E0022812D</string>
				<string>4DBA646F15E2C50F00F0007B</string>
				<string>E80A775C6A03442BBAA2EA34</string>
				<string>36D381DD520443F6AB7837E5</string>
			</array>
			<key>isa</key>
			<string>PBXGroup</string>
			<key>name</key>
			<string>Frameworks</string>
			<key>sourceTree</key>
			<string>&lt;group&gt;</string>
		</dict>
		<key>4DD7B53615C94C0E0022812D</key>
		<dict>
			<key>includeInIndex</key>
			<string>1</string>
			<key>isa</key>
			<string>PBXFileReference</string>
			<key>lastKnownFileType</key>
			<string>wrapper.framework</string>
			<key>name</key>
			<string>UIKit.framework</string>
			<key>path</key>
			<string>System/Library/Frameworks/UIKit.framework</string>
			<key>sourceTree</key>
			<string>SDKROOT</string>
		</dict>
		<key>4DD7B53715C94C0E0022812D</key>
		<dict>
			<key>fileRef</key>
			<string>4DD7B53615C94C0E0022812D</string>
			<key>isa</key>
			<string>PBXBuildFile</string>
		</dict>
		<key>4DD7B53815C94C0E0022812D</key>
		<dict>
			<key>includeInIndex</key>
			<string>1</string>
			<key>isa</key>
			<string>PBXFileReference</string>
			<key>lastKnownFileType</key>
			<string>wrapper.framework</string>
			<key>name</key>
			<string>Foundation.framework</string>
			<key>path</key>
			<string>System/Library/Frameworks/Foundation.framework</string>
			<key>sourceTree</key>
			<string>SDKROOT</string>
		</dict>
		<key>4DD7B53915C94C0E0022812D</key>
		<dict>
			<key>fileRef</key>
			<string>4DD7B53815C94C0E0022812D</string>
			<key>isa</key>
			<string>PBXBuildFile</string>
		</dict>
		<key>4DD7B53A15C94C0E0022812D</key>
		<dict>
			<key>includeInIndex</key>
			<string>1</string>
			<key>isa</key>
			<string>PBXFileReference</string>
			<key>lastKnownFileType</key>
			<string>wrapper.framework</string>
			<key>name</key>
			<string>CoreGraphics.framework</string>
			<key>path</key>
			<string>System/Library/Frameworks/CoreGraphics.framework</string>
			<key>sourceTree</key>
			<string>SDKROOT</string>
		</dict>
		<key>4DD7B53B15C94C0E0022812D</key>
		<dict>
			<key>fileRef</key>
			<string>4DD7B53A15C94C0E0022812D</string>
			<key>isa</key>
			<string>PBXBuildFile</string>
		</dict>
		<key>4DD7B53C15C94C0E0022812D</key>
		<dict>
			<key>children</key>
			<array>
				<string>4D0B84B4160CED21003072CC</string>
				<string>4DEC65F415EC01300000F173</string>
				<string>77F02AA05867764472572148</string>
				<string>4DD7B56015C954F50022812D</string>
				<string>4DDA08DB15DFE6C700B547A9</string>
				<string>4DD7B54515C94C0E0022812D</string>
				<string>4DD7B54615C94C0E0022812D</string>
				<string>4D5697B215D84F2500878122</string>
				<string>4DD7B53D15C94C0E0022812D</string>
				<string>4DFAD9C215D4393500897688</string>
				<string>77F02AFA4FA757DD9BFB98D0</string>
				<string>77F026B2F2ED6E12D190ED57</string>
			</array>
			<key>isa</key>
			<string>PBXGroup</string>
			<key>path</key>
			<string>LittleMarket</string>
			<key>sourceTree</key>
			<string>&lt;group&gt;</string>
		</dict>
		<key>4DD7B53D15C94C0E0022812D</key>
		<dict>
			<key>children</key>
			<array>
				<string>4DD7B53E15C94C0E0022812D</string>
				<string>4DD7B53F15C94C0E0022812D</string>
				<string>4DD7B54215C94C0E0022812D</string>
				<string>4DD7B54415C94C0E0022812D</string>
			</array>
			<key>isa</key>
			<string>PBXGroup</string>
			<key>name</key>
			<string>Supporting Files</string>
			<key>sourceTree</key>
			<string>&lt;group&gt;</string>
		</dict>
		<key>4DD7B53E15C94C0E0022812D</key>
		<dict>
			<key>isa</key>
			<string>PBXFileReference</string>
			<key>lastKnownFileType</key>
			<string>text.plist.xml</string>
			<key>path</key>
			<string>LittleMarket-Info.plist</string>
			<key>sourceTree</key>
			<string>&lt;group&gt;</string>
		</dict>
		<key>4DD7B53F15C94C0E0022812D</key>
		<dict>
			<key>children</key>
			<array>
				<string>4DD7B54015C94C0E0022812D</string>
			</array>
			<key>isa</key>
			<string>PBXVariantGroup</string>
			<key>name</key>
			<string>InfoPlist.strings</string>
			<key>sourceTree</key>
			<string>&lt;group&gt;</string>
		</dict>
		<key>4DD7B54015C94C0E0022812D</key>
		<dict>
			<key>isa</key>
			<string>PBXFileReference</string>
			<key>lastKnownFileType</key>
			<string>text.plist.strings</string>
			<key>name</key>
			<string>en</string>
			<key>path</key>
			<string>en.lproj/InfoPlist.strings</string>
			<key>sourceTree</key>
			<string>&lt;group&gt;</string>
		</dict>
		<key>4DD7B54115C94C0E0022812D</key>
		<dict>
			<key>fileRef</key>
			<string>4DD7B53F15C94C0E0022812D</string>
			<key>isa</key>
			<string>PBXBuildFile</string>
		</dict>
		<key>4DD7B54215C94C0E0022812D</key>
		<dict>
			<key>isa</key>
			<string>PBXFileReference</string>
			<key>lastKnownFileType</key>
			<string>sourcecode.c.objc</string>
			<key>path</key>
			<string>main.m</string>
			<key>sourceTree</key>
			<string>&lt;group&gt;</string>
		</dict>
		<key>4DD7B54315C94C0E0022812D</key>
		<dict>
			<key>fileRef</key>
			<string>4DD7B54215C94C0E0022812D</string>
			<key>isa</key>
			<string>PBXBuildFile</string>
		</dict>
		<key>4DD7B54415C94C0E0022812D</key>
		<dict>
			<key>isa</key>
			<string>PBXFileReference</string>
			<key>lastKnownFileType</key>
			<string>sourcecode.c.h</string>
			<key>path</key>
			<string>LittleMarket-Prefix.pch</string>
			<key>sourceTree</key>
			<string>&lt;group&gt;</string>
		</dict>
		<key>4DD7B54515C94C0E0022812D</key>
		<dict>
			<key>isa</key>
			<string>PBXFileReference</string>
			<key>lastKnownFileType</key>
			<string>sourcecode.c.h</string>
			<key>path</key>
			<string>MarketAppDelegate.h</string>
			<key>sourceTree</key>
			<string>&lt;group&gt;</string>
		</dict>
		<key>4DD7B54615C94C0E0022812D</key>
		<dict>
			<key>isa</key>
			<string>PBXFileReference</string>
			<key>lastKnownFileType</key>
			<string>sourcecode.c.objc</string>
			<key>path</key>
			<string>MarketAppDelegate.m</string>
			<key>sourceTree</key>
			<string>&lt;group&gt;</string>
		</dict>
		<key>4DD7B54715C94C0E0022812D</key>
		<dict>
			<key>fileRef</key>
			<string>4DD7B54615C94C0E0022812D</string>
			<key>isa</key>
			<string>PBXBuildFile</string>
		</dict>
		<key>4DD7B54815C94C0E0022812D</key>
		<dict>
			<key>children</key>
			<array>
				<string>4DD7B54915C94C0E0022812D</string>
			</array>
			<key>isa</key>
			<string>PBXVariantGroup</string>
			<key>name</key>
			<string>MainStoryboard.storyboard</string>
			<key>sourceTree</key>
			<string>&lt;group&gt;</string>
		</dict>
		<key>4DD7B54915C94C0E0022812D</key>
		<dict>
			<key>isa</key>
			<string>PBXFileReference</string>
			<key>lastKnownFileType</key>
			<string>file.storyboard</string>
			<key>name</key>
			<string>en</string>
			<key>path</key>
			<string>en.lproj/MainStoryboard.storyboard</string>
			<key>sourceTree</key>
			<string>&lt;group&gt;</string>
		</dict>
		<key>4DD7B54A15C94C0E0022812D</key>
		<dict>
			<key>fileRef</key>
			<string>4DD7B54815C94C0E0022812D</string>
			<key>isa</key>
			<string>PBXBuildFile</string>
		</dict>
		<key>4DD7B54B15C94C0E0022812D</key>
		<dict>
			<key>isa</key>
			<string>PBXFileReference</string>
			<key>lastKnownFileType</key>
			<string>sourcecode.c.h</string>
			<key>path</key>
			<string>MarketMasterViewController.h</string>
			<key>sourceTree</key>
			<string>&lt;group&gt;</string>
		</dict>
		<key>4DD7B54C15C94C0E0022812D</key>
		<dict>
			<key>isa</key>
			<string>PBXFileReference</string>
			<key>lastKnownFileType</key>
			<string>sourcecode.c.objc</string>
			<key>lineEnding</key>
			<string>0</string>
			<key>path</key>
			<string>MarketMasterViewController.m</string>
			<key>sourceTree</key>
			<string>&lt;group&gt;</string>
			<key>xcLanguageSpecificationIdentifier</key>
			<string>xcode.lang.objc</string>
		</dict>
		<key>4DD7B54D15C94C0E0022812D</key>
		<dict>
			<key>fileRef</key>
			<string>4DD7B54C15C94C0E0022812D</string>
			<key>isa</key>
			<string>PBXBuildFile</string>
		</dict>
		<key>4DD7B54E15C94C0E0022812D</key>
		<dict>
			<key>isa</key>
			<string>PBXFileReference</string>
			<key>lastKnownFileType</key>
			<string>sourcecode.c.h</string>
			<key>lineEnding</key>
			<string>0</string>
			<key>path</key>
			<string>MarketDetailTableViewController.h</string>
			<key>sourceTree</key>
			<string>&lt;group&gt;</string>
			<key>xcLanguageSpecificationIdentifier</key>
			<string>xcode.lang.objcpp</string>
		</dict>
		<key>4DD7B54F15C94C0E0022812D</key>
		<dict>
			<key>isa</key>
			<string>PBXFileReference</string>
			<key>lastKnownFileType</key>
			<string>sourcecode.c.objc</string>
			<key>lineEnding</key>
			<string>0</string>
			<key>path</key>
			<string>MarketDetailTableViewController.m</string>
			<key>sourceTree</key>
			<string>&lt;group&gt;</string>
			<key>xcLanguageSpecificationIdentifier</key>
			<string>xcode.lang.objc</string>
		</dict>
		<key>4DD7B55015C94C0E0022812D</key>
		<dict>
			<key>fileRef</key>
			<string>4DD7B54F15C94C0E0022812D</string>
			<key>isa</key>
			<string>PBXBuildFile</string>
		</dict>
		<key>4DD7B55115C94C0E0022812D</key>
		<dict>
			<key>buildSettings</key>
			<dict>
				<key>ALWAYS_SEARCH_USER_PATHS</key>
				<string>NO</string>
				<key>ARCHS</key>
				<string>$(ARCHS_STANDARD_32_BIT)</string>
				<key>CLANG_ENABLE_OBJC_ARC</key>
				<string>YES</string>
				<key>CODE_SIGN_IDENTITY[sdk=iphoneos*]</key>
				<string>iPhone Developer</string>
				<key>COPY_PHASE_STRIP</key>
				<string>NO</string>
				<key>GCC_C_LANGUAGE_STANDARD</key>
				<string>gnu99</string>
				<key>GCC_DYNAMIC_NO_PIC</key>
				<string>NO</string>
				<key>GCC_OPTIMIZATION_LEVEL</key>
				<string>0</string>
				<key>GCC_PREPROCESSOR_DEFINITIONS</key>
				<array>
					<string>DEBUG=1</string>
					<string>$(inherited)</string>
				</array>
				<key>GCC_SYMBOLS_PRIVATE_EXTERN</key>
				<string>NO</string>
				<key>GCC_VERSION</key>
				<string>com.apple.compilers.llvm.clang.1_0</string>
				<key>GCC_WARN_ABOUT_RETURN_TYPE</key>
				<string>YES</string>
				<key>GCC_WARN_UNINITIALIZED_AUTOS</key>
				<string>YES</string>
				<key>GCC_WARN_UNUSED_VARIABLE</key>
				<string>YES</string>
				<key>HEADER_SEARCH_PATHS</key>
				<string>$(PROJECT_DIR)/Injective/Injective/Headers</string>
				<key>IPHONEOS_DEPLOYMENT_TARGET</key>
				<string>5.1</string>
				<key>PRODUCT_NAME</key>
				<string></string>
				<key>SDKROOT</key>
				<string>iphoneos</string>
				<key>TEST_AFTER_BUILD</key>
				<string>NO</string>
			</dict>
			<key>isa</key>
			<string>XCBuildConfiguration</string>
			<key>name</key>
			<string>Debug</string>
		</dict>
		<key>4DD7B55215C94C0E0022812D</key>
		<dict>
			<key>buildSettings</key>
			<dict>
				<key>ALWAYS_SEARCH_USER_PATHS</key>
				<string>NO</string>
				<key>ARCHS</key>
				<string>$(ARCHS_STANDARD_32_BIT)</string>
				<key>CLANG_ENABLE_OBJC_ARC</key>
				<string>YES</string>
				<key>CODE_SIGN_IDENTITY[sdk=iphoneos*]</key>
				<string>iPhone Developer</string>
				<key>COPY_PHASE_STRIP</key>
				<string>YES</string>
				<key>GCC_C_LANGUAGE_STANDARD</key>
				<string>gnu99</string>
				<key>GCC_VERSION</key>
				<string>com.apple.compilers.llvm.clang.1_0</string>
				<key>GCC_WARN_ABOUT_RETURN_TYPE</key>
				<string>YES</string>
				<key>GCC_WARN_UNINITIALIZED_AUTOS</key>
				<string>YES</string>
				<key>GCC_WARN_UNUSED_VARIABLE</key>
				<string>YES</string>
				<key>HEADER_SEARCH_PATHS</key>
				<string>$(PROJECT_DIR)/Injective/Injective/Headers</string>
				<key>IPHONEOS_DEPLOYMENT_TARGET</key>
				<string>5.1</string>
				<key>OTHER_CFLAGS</key>
				<string>-DNS_BLOCK_ASSERTIONS=1</string>
				<key>PRODUCT_NAME</key>
				<string></string>
				<key>SDKROOT</key>
				<string>iphoneos</string>
				<key>TEST_AFTER_BUILD</key>
				<string>NO</string>
				<key>VALIDATE_PRODUCT</key>
				<string>YES</string>
			</dict>
			<key>isa</key>
			<string>XCBuildConfiguration</string>
			<key>name</key>
			<string>Release</string>
		</dict>
		<key>4DD7B55315C94C0E0022812D</key>
		<dict>
			<key>buildConfigurations</key>
			<array>
				<string>4DD7B55415C94C0E0022812D</string>
				<string>4DD7B55515C94C0E0022812D</string>
			</array>
			<key>defaultConfigurationIsVisible</key>
			<string>0</string>
			<key>defaultConfigurationName</key>
			<string>Release</string>
			<key>isa</key>
			<string>XCConfigurationList</string>
		</dict>
		<key>4DD7B55415C94C0E0022812D</key>
		<dict>
			<key>baseConfigurationReference</key>
			<string>A760EE56710B4032B864EA26</string>
			<key>buildSettings</key>
			<dict>
				<key>BUNDLE_LOADER</key>
				<string></string>
				<key>GCC_PRECOMPILE_PREFIX_HEADER</key>
				<string>YES</string>
				<key>GCC_PREFIX_HEADER</key>
				<string>LittleMarket/LittleMarket-Prefix.pch</string>
				<key>GCC_SYMBOLS_PRIVATE_EXTERN</key>
				<string>NO</string>
				<key>INFOPLIST_FILE</key>
				<string>LittleMarket/LittleMarket-Info.plist</string>
				<key>LIBRARY_SEARCH_PATHS</key>
				<array>
					<string>$(inherited)</string>
					<string>"/Volumes/OCMock 2.0.1/iOS"</string>
					<string>"$(SRCROOT)/../../../Library/Developer/Xcode/DerivedData/LittleMarket-evetrwriywxnrhfdxckwalwjjxeq/Build/Products/Debug-iphonesimulator"</string>
				</array>
				<key>PRODUCT_NAME</key>
				<string>$(TARGET_NAME)</string>
				<key>TEST_AFTER_BUILD</key>
				<string>NO</string>
				<key>TEST_HOST</key>
				<string></string>
				<key>WRAPPER_EXTENSION</key>
				<string>app</string>
			</dict>
			<key>isa</key>
			<string>XCBuildConfiguration</string>
			<key>name</key>
			<string>Debug</string>
		</dict>
		<key>4DD7B55515C94C0E0022812D</key>
		<dict>
			<key>baseConfigurationReference</key>
			<string>A760EE56710B4032B864EA26</string>
			<key>buildSettings</key>
			<dict>
				<key>BUNDLE_LOADER</key>
				<string></string>
				<key>GCC_PRECOMPILE_PREFIX_HEADER</key>
				<string>YES</string>
				<key>GCC_PREFIX_HEADER</key>
				<string>LittleMarket/LittleMarket-Prefix.pch</string>
				<key>GCC_SYMBOLS_PRIVATE_EXTERN</key>
				<string>NO</string>
				<key>INFOPLIST_FILE</key>
				<string>LittleMarket/LittleMarket-Info.plist</string>
				<key>LIBRARY_SEARCH_PATHS</key>
				<array>
					<string>$(inherited)</string>
					<string>"/Volumes/OCMock 2.0.1/iOS"</string>
					<string>"$(SRCROOT)/../../../Library/Developer/Xcode/DerivedData/LittleMarket-evetrwriywxnrhfdxckwalwjjxeq/Build/Products/Debug-iphonesimulator"</string>
				</array>
				<key>PRODUCT_NAME</key>
				<string>$(TARGET_NAME)</string>
				<key>TEST_AFTER_BUILD</key>
				<string>NO</string>
				<key>TEST_HOST</key>
				<string></string>
				<key>WRAPPER_EXTENSION</key>
				<string>app</string>
			</dict>
			<key>isa</key>
			<string>XCBuildConfiguration</string>
			<key>name</key>
			<string>Release</string>
		</dict>
		<key>4DD7B56015C954F50022812D</key>
		<dict>
			<key>children</key>
			<array>
				<string>77F024F74B558AD7D967DA8E</string>
				<string>77F021BEA58E44F07DD96CE0</string>
				<string>4D0AC011160083CB001C067F</string>
				<string>4D0AC012160083CB001C067F</string>
				<string>4D0AC013160083CB001C067F</string>
				<string>4D0AC014160083CB001C067F</string>
				<string>4D0AC017160083CB001C067F</string>
				<string>4D0AC018160083CB001C067F</string>
				<string>4D0AC0241600968F001C067F</string>
				<string>4D0AC02216009585001C067F</string>
			</array>
			<key>isa</key>
			<string>PBXGroup</string>
			<key>name</key>
			<string>DataModel</string>
			<key>sourceTree</key>
			<string>&lt;group&gt;</string>
		</dict>
		<key>4DDA08DB15DFE6C700B547A9</key>
		<dict>
			<key>children</key>
			<array>
				<string>4DDA08E015DFE85D00B547A9</string>
				<string>4DDA08E115DFE85D00B547A9</string>
			</array>
			<key>isa</key>
			<string>PBXGroup</string>
			<key>name</key>
			<string>Extensions</string>
			<key>sourceTree</key>
			<string>&lt;group&gt;</string>
		</dict>
		<key>4DDA08E015DFE85D00B547A9</key>
		<dict>
			<key>fileEncoding</key>
			<string>4</string>
			<key>isa</key>
			<string>PBXFileReference</string>
			<key>lastKnownFileType</key>
			<string>sourcecode.c.h</string>
			<key>name</key>
			<string>NSMutableArray+Query.h</string>
			<key>path</key>
			<string>Extensions/NSMutableArray+Query.h</string>
			<key>sourceTree</key>
			<string>&lt;group&gt;</string>
		</dict>
		<key>4DDA08E115DFE85D00B547A9</key>
		<dict>
			<key>fileEncoding</key>
			<string>4</string>
			<key>isa</key>
			<string>PBXFileReference</string>
			<key>lastKnownFileType</key>
			<string>sourcecode.c.objc</string>
			<key>name</key>
			<string>NSMutableArray+Query.m</string>
			<key>path</key>
			<string>Extensions/NSMutableArray+Query.m</string>
			<key>sourceTree</key>
			<string>&lt;group&gt;</string>
		</dict>
		<key>4DEC65F415EC01300000F173</key>
		<dict>
			<key>children</key>
			<array>
				<string>4D4A511F1605B198007D58A6</string>
				<string>4D0AC00815FFD0D5001C067F</string>
				<string>4D0AC00615FFD0BA001C067F</string>
			</array>
			<key>isa</key>
			<string>PBXGroup</string>
			<key>name</key>
			<string>Controllers</string>
			<key>sourceTree</key>
			<string>&lt;group&gt;</string>
		</dict>
		<key>4DEC65FB15EC0C550000F173</key>
		<dict>
			<key>fileEncoding</key>
			<string>4</string>
			<key>isa</key>
			<string>PBXFileReference</string>
			<key>lastKnownFileType</key>
			<string>sourcecode.c.h</string>
			<key>name</key>
			<string>MarketDetailView.h</string>
			<key>path</key>
			<string>Views/MarketDetailView.h</string>
			<key>sourceTree</key>
			<string>&lt;group&gt;</string>
		</dict>
		<key>4DEC65FC15EC0C550000F173</key>
		<dict>
			<key>fileEncoding</key>
			<string>4</string>
			<key>isa</key>
			<string>PBXFileReference</string>
			<key>lastKnownFileType</key>
			<string>sourcecode.c.objc</string>
			<key>name</key>
			<string>MarketDetailView.m</string>
			<key>path</key>
			<string>Views/MarketDetailView.m</string>
			<key>sourceTree</key>
			<string>&lt;group&gt;</string>
		</dict>
		<key>4DEC65FD15EC0C550000F173</key>
		<dict>
			<key>fileRef</key>
			<string>4DEC65FC15EC0C550000F173</string>
			<key>isa</key>
			<string>PBXBuildFile</string>
		</dict>
		<key>4DF2E3A7161394B100066481</key>
		<dict>
			<key>buildActionMask</key>
			<string>2147483647</string>
			<key>files</key>
			<array>
				<string>4D686526161B72CE00CE66A2</string>
				<string>4DF2E3BE1613958800066481</string>
				<string>4DF2E3BF1613958800066481</string>
				<string>77F022689F00C5D1A17634BB</string>
				<string>77F0206EE28895FB89F40FFA</string>
				<string>4D686531161B8BB500CE66A2</string>
				<string>4D70B2DB161E03DF00102AB9</string>
				<string>4DD2615916249DCB00E34D55</string>
				<string>4DB2A360162618790021A0E6</string>
			</array>
			<key>isa</key>
			<string>PBXSourcesBuildPhase</string>
			<key>runOnlyForDeploymentPostprocessing</key>
			<string>0</string>
		</dict>
		<key>4DF2E3A8161394B100066481</key>
		<dict>
			<key>buildActionMask</key>
			<string>2147483647</string>
			<key>files</key>
			<array>
				<string>4DF2E3AD161394B100066481</string>
				<string>4DF2E3AE161394B100066481</string>
				<string>4DF2E3AF161394B100066481</string>
				<string>EF8D911A2A70480F8E8F6D52</string>
			</array>
			<key>isa</key>
			<string>PBXFrameworksBuildPhase</string>
			<key>runOnlyForDeploymentPostprocessing</key>
			<string>0</string>
		</dict>
		<key>4DF2E3A9161394B100066481</key>
		<dict>
			<key>buildActionMask</key>
			<string>2147483647</string>
			<key>files</key>
			<array>
				<string>4D686527161B779200CE66A2</string>
				<string>4DF2E3C1161396DD00066481</string>
			</array>
			<key>isa</key>
			<string>PBXResourcesBuildPhase</string>
			<key>runOnlyForDeploymentPostprocessing</key>
			<string>0</string>
		</dict>
		<key>4DF2E3AA161394B100066481</key>
		<dict>
			<key>buildActionMask</key>
			<string>2147483647</string>
			<key>files</key>
			<array/>
			<key>inputPaths</key>
			<array/>
			<key>isa</key>
			<string>PBXShellScriptBuildPhase</string>
			<key>outputPaths</key>
			<array/>
			<key>runOnlyForDeploymentPostprocessing</key>
			<string>0</string>
			<key>shellPath</key>
			<string>/bin/sh</string>
			<key>shellScript</key>
			<string># Run the unit tests in this test bundle.
"${SYSTEM_DEVELOPER_DIR}/Tools/RunUnitTests"
</string>
		</dict>
		<key>4DF2E3AB161394B100066481</key>
		<dict>
			<key>buildConfigurationList</key>
			<string>4DF2E3BA161394B200066481</string>
			<key>buildPhases</key>
			<array>
				<string>4DF2E3A7161394B100066481</string>
				<string>4DF2E3A8161394B100066481</string>
				<string>4DF2E3A9161394B100066481</string>
				<string>4DF2E3AA161394B100066481</string>
				<string>A431FC4529084DE6B5EE7A8D</string>
			</array>
			<key>buildRules</key>
			<array/>
			<key>dependencies</key>
			<array/>
			<key>isa</key>
			<string>PBXNativeTarget</string>
			<key>name</key>
			<string>LittleMarketTest</string>
			<key>productName</key>
			<string>LittleMarketTest</string>
			<key>productReference</key>
			<string>4DF2E3AC161394B100066481</string>
			<key>productType</key>
			<string>com.apple.product-type.bundle</string>
		</dict>
		<key>4DF2E3AC161394B100066481</key>
		<dict>
			<key>explicitFileType</key>
			<string>wrapper.cfbundle</string>
			<key>includeInIndex</key>
			<string>0</string>
			<key>isa</key>
			<string>PBXFileReference</string>
			<key>name</key>
			<string>LittleMarketTest.octest</string>
			<key>path</key>
			<string>LittleMarketTest.octest</string>
			<key>sourceTree</key>
			<string>BUILT_PRODUCTS_DIR</string>
		</dict>
		<key>4DF2E3AD161394B100066481</key>
		<dict>
			<key>fileRef</key>
			<string>4DBA646F15E2C50F00F0007B</string>
			<key>isa</key>
			<string>PBXBuildFile</string>
		</dict>
		<key>4DF2E3AE161394B100066481</key>
		<dict>
			<key>fileRef</key>
			<string>4DD7B53615C94C0E0022812D</string>
			<key>isa</key>
			<string>PBXBuildFile</string>
		</dict>
		<key>4DF2E3AF161394B100066481</key>
		<dict>
			<key>fileRef</key>
			<string>4DD7B53815C94C0E0022812D</string>
			<key>isa</key>
			<string>PBXBuildFile</string>
		</dict>
		<key>4DF2E3B0161394B100066481</key>
		<dict>
			<key>children</key>
			<array>
				<string>77F02728B3AC18A384B3944F</string>
				<string>77F027463A0C9117F1E695EF</string>
				<string>77F021F6F871F82CE2B9766B</string>
				<string>4D0FBCCE160AEA1E0049D022</string>
				<string>77F0217ACB7803AB475A5368</string>
				<string>4DF2E3B1161394B200066481</string>
				<string>4D686525161B724400CE66A2</string>
				<string>4D68652F161B8BB500CE66A2</string>
				<string>4D686530161B8BB500CE66A2</string>
				<string>4D70B2DA161E03DF00102AB9</string>
				<string>4DD2615816249DCB00E34D55</string>
				<string>4DB2A35E162618790021A0E6</string>
				<string>4DB2A35F162618790021A0E6</string>
			</array>
			<key>isa</key>
			<string>PBXGroup</string>
			<key>path</key>
			<string>LittleMarketTest</string>
			<key>sourceTree</key>
			<string>&lt;group&gt;</string>
		</dict>
		<key>4DF2E3B1161394B200066481</key>
		<dict>
			<key>children</key>
			<array>
				<string>4DF2E3B2161394B200066481</string>
				<string>4DF2E3C0161396DD00066481</string>
				<string>4DF2E3B9161394B200066481</string>
			</array>
			<key>isa</key>
			<string>PBXGroup</string>
			<key>name</key>
			<string>Supporting Files</string>
			<key>sourceTree</key>
			<string>&lt;group&gt;</string>
		</dict>
		<key>4DF2E3B2161394B200066481</key>
		<dict>
			<key>isa</key>
			<string>PBXFileReference</string>
			<key>lastKnownFileType</key>
			<string>text.plist.xml</string>
			<key>path</key>
			<string>LittleMarketTest-Info.plist</string>
			<key>sourceTree</key>
			<string>&lt;group&gt;</string>
		</dict>
		<key>4DF2E3B9161394B200066481</key>
		<dict>
			<key>isa</key>
			<string>PBXFileReference</string>
			<key>lastKnownFileType</key>
			<string>sourcecode.c.h</string>
			<key>path</key>
			<string>LittleMarketTest-Prefix.pch</string>
			<key>sourceTree</key>
			<string>&lt;group&gt;</string>
		</dict>
		<key>4DF2E3BA161394B200066481</key>
		<dict>
			<key>buildConfigurations</key>
			<array>
				<string>4DF2E3BB161394B200066481</string>
				<string>4DF2E3BC161394B200066481</string>
			</array>
			<key>defaultConfigurationIsVisible</key>
			<string>0</string>
			<key>defaultConfigurationName</key>
			<string>Release</string>
			<key>isa</key>
			<string>XCConfigurationList</string>
		</dict>
		<key>4DF2E3BB161394B200066481</key>
		<dict>
			<key>baseConfigurationReference</key>
			<string>A0188A6630DB4CA5B3C5388C</string>
			<key>buildSettings</key>
			<dict>
				<key>BUNDLE_LOADER</key>
				<string>$(BUILT_PRODUCTS_DIR)/LittleMarket.app/LittleMarket</string>
				<key>CLANG_CXX_LANGUAGE_STANDARD</key>
				<string>gnu++0x</string>
				<key>CLANG_WARN__DUPLICATE_METHOD_MATCH</key>
				<string>YES</string>
				<key>FRAMEWORK_SEARCH_PATHS</key>
				<array>
					<string>"$(SDKROOT)/Developer/Library/Frameworks"</string>
					<string>"$(DEVELOPER_LIBRARY_DIR)/Frameworks"</string>
				</array>
				<key>GCC_PRECOMPILE_PREFIX_HEADER</key>
				<string>YES</string>
				<key>GCC_PREFIX_HEADER</key>
				<string>LittleMarketTest/LittleMarketTest-Prefix.pch</string>
				<key>HEADER_SEARCH_PATHS</key>
				<string>${PODS_HEADERS_SEARCH_PATHS}</string>
				<key>INFOPLIST_FILE</key>
				<string>LittleMarketTest/LittleMarketTest-Info.plist</string>
				<key>PRODUCT_NAME</key>
				<string>$(TARGET_NAME)</string>
				<key>TEST_HOST</key>
				<string>$(BUNDLE_LOADER)</string>
				<key>WRAPPER_EXTENSION</key>
				<string>octest</string>
			</dict>
			<key>isa</key>
			<string>XCBuildConfiguration</string>
			<key>name</key>
			<string>Debug</string>
		</dict>
		<key>4DF2E3BC161394B200066481</key>
		<dict>
			<key>baseConfigurationReference</key>
			<string>A0188A6630DB4CA5B3C5388C</string>
			<key>buildSettings</key>
			<dict>
				<key>BUNDLE_LOADER</key>
				<string>$(BUILT_PRODUCTS_DIR)/LittleMarket.app/LittleMarket</string>
				<key>CLANG_CXX_LANGUAGE_STANDARD</key>
				<string>gnu++0x</string>
				<key>CLANG_WARN__DUPLICATE_METHOD_MATCH</key>
				<string>YES</string>
				<key>FRAMEWORK_SEARCH_PATHS</key>
				<array>
					<string>"$(SDKROOT)/Developer/Library/Frameworks"</string>
					<string>"$(DEVELOPER_LIBRARY_DIR)/Frameworks"</string>
				</array>
				<key>GCC_PRECOMPILE_PREFIX_HEADER</key>
				<string>YES</string>
				<key>GCC_PREFIX_HEADER</key>
				<string>LittleMarketTest/LittleMarketTest-Prefix.pch</string>
				<key>HEADER_SEARCH_PATHS</key>
				<string>${PODS_HEADERS_SEARCH_PATHS}</string>
				<key>INFOPLIST_FILE</key>
				<string>LittleMarketTest/LittleMarketTest-Info.plist</string>
				<key>PRODUCT_NAME</key>
				<string>$(TARGET_NAME)</string>
				<key>TEST_HOST</key>
				<string>$(BUNDLE_LOADER)</string>
				<key>WRAPPER_EXTENSION</key>
				<string>octest</string>
			</dict>
			<key>isa</key>
			<string>XCBuildConfiguration</string>
			<key>name</key>
			<string>Release</string>
		</dict>
		<key>4DF2E3BE1613958800066481</key>
		<dict>
			<key>fileRef</key>
			<string>77F027463A0C9117F1E695EF</string>
			<key>isa</key>
			<string>PBXBuildFile</string>
		</dict>
		<key>4DF2E3BF1613958800066481</key>
		<dict>
			<key>fileRef</key>
			<string>77F0217ACB7803AB475A5368</string>
			<key>isa</key>
			<string>PBXBuildFile</string>
		</dict>
		<key>4DF2E3C0161396DD00066481</key>
		<dict>
			<key>fileEncoding</key>
			<string>4</string>
			<key>isa</key>
			<string>PBXFileReference</string>
			<key>lastKnownFileType</key>
			<string>text.plist.strings</string>
			<key>path</key>
			<string>InfoPlist.strings</string>
			<key>sourceTree</key>
			<string>&lt;group&gt;</string>
		</dict>
		<key>4DF2E3C1161396DD00066481</key>
		<dict>
			<key>fileRef</key>
			<string>4DF2E3C0161396DD00066481</string>
			<key>isa</key>
			<string>PBXBuildFile</string>
		</dict>
		<key>4DFAD9C215D4393500897688</key>
		<dict>
			<key>children</key>
			<array>
				<string>4D0AC02516009FDC001C067F</string>
				<string>4D0AC02616009FDC001C067F</string>
				<string>4D0AC02B1600A104001C067F</string>
				<string>4D0AC02C1600A104001C067F</string>
				<string>4D0AC02716009FDC001C067F</string>
				<string>4D0AC02816009FDC001C067F</string>
				<string>4DEC65FB15EC0C550000F173</string>
				<string>4DEC65FC15EC0C550000F173</string>
			</array>
			<key>isa</key>
			<string>PBXGroup</string>
			<key>name</key>
			<string>Views</string>
			<key>sourceTree</key>
			<string>&lt;group&gt;</string>
		</dict>
		<key>77F0206EE28895FB89F40FFA</key>
		<dict>
			<key>fileRef</key>
			<string>77F02728B3AC18A384B3944F</string>
			<key>isa</key>
			<string>PBXBuildFile</string>
		</dict>
		<key>77F020AEA98E8D98F5250004</key>
		<dict>
			<key>fileEncoding</key>
			<string>4</string>
			<key>isa</key>
			<string>PBXFileReference</string>
			<key>lastKnownFileType</key>
			<string>sourcecode.c.objc</string>
			<key>name</key>
			<string>Constants.m</string>
			<key>path</key>
			<string>Core/Constants.m</string>
			<key>sourceTree</key>
			<string>&lt;group&gt;</string>
		</dict>
		<key>77F0211BC572BA4F5A1EBAA2</key>
		<dict>
			<key>fileEncoding</key>
			<string>4</string>
			<key>isa</key>
			<string>PBXFileReference</string>
			<key>lastKnownFileType</key>
			<string>sourcecode.c.h</string>
			<key>path</key>
			<string>MarketPersistenceManager.h</string>
			<key>sourceTree</key>
			<string>&lt;group&gt;</string>
		</dict>
		<key>77F0217ACB7803AB475A5368</key>
		<dict>
			<key>fileEncoding</key>
			<string>4</string>
			<key>isa</key>
			<string>PBXFileReference</string>
			<key>lastKnownFileType</key>
			<string>sourcecode.c.objc</string>
			<key>path</key>
			<string>JSONToMarketModelTest.m</string>
			<key>sourceTree</key>
			<string>&lt;group&gt;</string>
		</dict>
		<key>77F021BEA58E44F07DD96CE0</key>
		<dict>
			<key>fileEncoding</key>
			<string>4</string>
			<key>isa</key>
			<string>PBXFileReference</string>
			<key>lastKnownFileType</key>
			<string>sourcecode.c.objc</string>
			<key>name</key>
			<string>MarketDataModel.m</string>
			<key>path</key>
			<string>DataModel/MarketDataModel.m</string>
			<key>sourceTree</key>
			<string>&lt;group&gt;</string>
		</dict>
		<key>77F021F6F871F82CE2B9766B</key>
		<dict>
			<key>fileEncoding</key>
			<string>4</string>
			<key>isa</key>
			<string>PBXFileReference</string>
			<key>lastKnownFileType</key>
			<string>sourcecode.c.objc</string>
			<key>path</key>
			<string>ReadWriteTextFromDocumentFolderTest.m</string>
			<key>sourceTree</key>
			<string>&lt;group&gt;</string>
		</dict>
		<key>77F022689F00C5D1A17634BB</key>
		<dict>
			<key>fileRef</key>
			<string>77F021F6F871F82CE2B9766B</string>
			<key>isa</key>
			<string>PBXBuildFile</string>
		</dict>
		<key>77F0243CF17AB231B0FB4048</key>
		<dict>
			<key>fileEncoding</key>
			<string>4</string>
			<key>isa</key>
			<string>PBXFileReference</string>
			<key>lastKnownFileType</key>
			<string>sourcecode.c.objc</string>
			<key>path</key>
			<string>MarketFileManager.m</string>
			<key>sourceTree</key>
			<string>&lt;group&gt;</string>
		</dict>
		<key>77F024F74B558AD7D967DA8E</key>
		<dict>
			<key>fileEncoding</key>
			<string>4</string>
			<key>isa</key>
			<string>PBXFileReference</string>
			<key>lastKnownFileType</key>
			<string>sourcecode.c.h</string>
			<key>name</key>
			<string>MarketDataModel.h</string>
			<key>path</key>
			<string>DataModel/MarketDataModel.h</string>
			<key>sourceTree</key>
			<string>&lt;group&gt;</string>
		</dict>
		<key>77F025364C89BFD411680429</key>
		<dict>
			<key>fileRef</key>
			<string>77F0243CF17AB231B0FB4048</string>
			<key>isa</key>
			<string>PBXBuildFile</string>
		</dict>
		<key>77F025AD81045A29B0BDDCE3</key>
		<dict>
			<key>fileRef</key>
			<string>77F020AEA98E8D98F5250004</string>
			<key>isa</key>
			<string>PBXBuildFile</string>
		</dict>
		<key>77F0269094A8D1E91F4131F4</key>
		<dict>
			<key>fileEncoding</key>
			<string>4</string>
			<key>isa</key>
			<string>PBXFileReference</string>
			<key>lastKnownFileType</key>
			<string>sourcecode.c.h</string>
			<key>path</key>
			<string>MarketJsonPersister.h</string>
			<key>sourceTree</key>
			<string>&lt;group&gt;</string>
		</dict>
		<key>77F026B2F2ED6E12D190ED57</key>
		<dict>
			<key>children</key>
			<array>
				<string>77F02CB067D6402CF8A3B326</string>
				<string>77F0243CF17AB231B0FB4048</string>
				<string>4D3071FF161CC6CC00A7921C</string>
				<string>4D307200161CC6CC00A7921C</string>
				<string>4D307202161CCD9000A7921C</string>
				<string>4D307203161CCD9000A7921C</string>
			</array>
			<key>isa</key>
			<string>PBXGroup</string>
			<key>path</key>
			<string>Service</string>
			<key>sourceTree</key>
			<string>&lt;group&gt;</string>
		</dict>
		<key>77F02728B3AC18A384B3944F</key>
		<dict>
			<key>fileEncoding</key>
			<string>4</string>
			<key>isa</key>
			<string>PBXFileReference</string>
			<key>lastKnownFileType</key>
			<string>sourcecode.c.objc</string>
			<key>path</key>
			<string>InjectionTest.m</string>
			<key>sourceTree</key>
			<string>&lt;group&gt;</string>
		</dict>
		<key>77F027463A0C9117F1E695EF</key>
		<dict>
			<key>fileEncoding</key>
			<string>4</string>
			<key>isa</key>
			<string>PBXFileReference</string>
			<key>lastKnownFileType</key>
			<string>sourcecode.c.objc</string>
			<key>path</key>
			<string>JsonPersisterTests.m</string>
			<key>sourceTree</key>
			<string>&lt;group&gt;</string>
		</dict>
		<key>77F0289EDCB47857A752CEC8</key>
		<dict>
			<key>fileEncoding</key>
			<string>4</string>
			<key>isa</key>
			<string>PBXFileReference</string>
			<key>lastKnownFileType</key>
			<string>sourcecode.c.h</string>
			<key>name</key>
			<string>Constants.h</string>
			<key>path</key>
			<string>Core/Constants.h</string>
			<key>sourceTree</key>
			<string>&lt;group&gt;</string>
		</dict>
		<key>77F029A9D7748FEAE7BFA643</key>
		<dict>
			<key>fileEncoding</key>
			<string>4</string>
			<key>isa</key>
			<string>PBXFileReference</string>
			<key>lastKnownFileType</key>
			<string>sourcecode.c.h</string>
			<key>path</key>
			<string>MarketDataModel+JSONKit.h</string>
			<key>sourceTree</key>
			<string>&lt;group&gt;</string>
		</dict>
		<key>77F02AA05867764472572148</key>
		<dict>
			<key>children</key>
			<array>
				<string>77F0289EDCB47857A752CEC8</string>
				<string>77F020AEA98E8D98F5250004</string>
			</array>
			<key>isa</key>
			<string>PBXGroup</string>
			<key>name</key>
			<string>Core</string>
			<key>sourceTree</key>
			<string>&lt;group&gt;</string>
		</dict>
		<key>77F02AFA4FA757DD9BFB98D0</key>
		<dict>
			<key>children</key>
			<array>
				<string>77F029A9D7748FEAE7BFA643</string>
				<string>77F02F8EAB86F60911111561</string>
				<string>77F02DA32DF85E2A9D093BF6</string>
				<string>77F0211BC572BA4F5A1EBAA2</string>
				<string>77F02B2069BF3E542B6A1BFA</string>
				<string>77F0269094A8D1E91F4131F4</string>
				<string>4D0AC016160083CB001C067F</string>
				<string>4D0AC015160083CB001C067F</string>
				<string>4DD2615A16249F3800E34D55</string>
				<string>4DD2615B16249F3800E34D55</string>
			</array>
			<key>isa</key>
			<string>PBXGroup</string>
			<key>path</key>
			<string>Persistence</string>
			<key>sourceTree</key>
			<string>&lt;group&gt;</string>
		</dict>
		<key>77F02B2069BF3E542B6A1BFA</key>
		<dict>
			<key>fileEncoding</key>
			<string>4</string>
			<key>isa</key>
			<string>PBXFileReference</string>
			<key>lastKnownFileType</key>
			<string>sourcecode.c.objc</string>
			<key>path</key>
			<string>MarketJsonPersister.m</string>
			<key>sourceTree</key>
			<string>&lt;group&gt;</string>
		</dict>
		<key>77F02B2FAC17C193F01E0480</key>
		<dict>
			<key>fileRef</key>
			<string>77F02F8EAB86F60911111561</string>
			<key>isa</key>
			<string>PBXBuildFile</string>
		</dict>
		<key>77F02CB067D6402CF8A3B326</key>
		<dict>
			<key>fileEncoding</key>
			<string>4</string>
			<key>isa</key>
			<string>PBXFileReference</string>
			<key>lastKnownFileType</key>
			<string>sourcecode.c.h</string>
			<key>path</key>
			<string>MarketFileManager.h</string>
			<key>sourceTree</key>
			<string>&lt;group&gt;</string>
		</dict>
		<key>77F02D3E19F9F14699210C54</key>
		<dict>
			<key>fileRef</key>
			<string>77F02B2069BF3E542B6A1BFA</string>
			<key>isa</key>
			<string>PBXBuildFile</string>
		</dict>
		<key>77F02DA32DF85E2A9D093BF6</key>
		<dict>
			<key>fileEncoding</key>
			<string>4</string>
			<key>isa</key>
			<string>PBXFileReference</string>
			<key>lastKnownFileType</key>
			<string>sourcecode.c.objc</string>
			<key>path</key>
			<string>MarketPersistenceManager.m</string>
			<key>sourceTree</key>
			<string>&lt;group&gt;</string>
		</dict>
		<key>77F02EAB39E039554F729B9A</key>
		<dict>
			<key>fileRef</key>
			<string>77F021BEA58E44F07DD96CE0</string>
			<key>isa</key>
			<string>PBXBuildFile</string>
		</dict>
		<key>77F02EC162E3E06F902A2799</key>
		<dict>
			<key>fileRef</key>
			<string>77F02DA32DF85E2A9D093BF6</string>
			<key>isa</key>
			<string>PBXBuildFile</string>
		</dict>
		<key>77F02F8EAB86F60911111561</key>
		<dict>
			<key>fileEncoding</key>
			<string>4</string>
			<key>isa</key>
			<string>PBXFileReference</string>
			<key>lastKnownFileType</key>
			<string>sourcecode.c.objc</string>
			<key>path</key>
			<string>MarketDataModel+JSONKit.m</string>
			<key>sourceTree</key>
			<string>&lt;group&gt;</string>
		</dict>
		<key>A0188A6630DB4CA5B3C5388C</key>
		<dict>
			<key>includeInIndex</key>
			<string>1</string>
			<key>isa</key>
			<string>PBXFileReference</string>
			<key>lastKnownFileType</key>
			<string>text.xcconfig</string>
			<key>name</key>
			<string>Pods-LittleMarketTest.xcconfig</string>
			<key>path</key>
			<string>Pods/Pods-LittleMarketTest.xcconfig</string>
			<key>sourceTree</key>
			<string>SOURCE_ROOT</string>
		</dict>
		<key>A431FC4529084DE6B5EE7A8D</key>
		<dict>
			<key>buildActionMask</key>
			<string>2147483647</string>
			<key>files</key>
			<array/>
			<key>inputPaths</key>
			<array/>
			<key>isa</key>
			<string>PBXShellScriptBuildPhase</string>
			<key>name</key>
			<string>Copy Pods Resources</string>
			<key>outputPaths</key>
			<array/>
			<key>runOnlyForDeploymentPostprocessing</key>
			<string>0</string>
			<key>shellPath</key>
			<string>/bin/sh</string>
			<key>shellScript</key>
			<string>"${SRCROOT}/Pods/Pods-LittleMarketTest-resources.sh"
</string>
		</dict>
		<key>A760EE56710B4032B864EA26</key>
		<dict>
			<key>includeInIndex</key>
			<string>1</string>
			<key>isa</key>
			<string>PBXFileReference</string>
			<key>lastKnownFileType</key>
			<string>text.xcconfig</string>
			<key>name</key>
			<string>Pods.xcconfig</string>
			<key>path</key>
			<string>Pods/Pods.xcconfig</string>
			<key>sourceTree</key>
			<string>SOURCE_ROOT</string>
		</dict>
		<key>E80A775C6A03442BBAA2EA34</key>
		<dict>
			<key>explicitFileType</key>
			<string>archive.ar</string>
			<key>includeInIndex</key>
			<string>0</string>
			<key>isa</key>
			<string>PBXFileReference</string>
			<key>path</key>
			<string>libPods.a</string>
			<key>sourceTree</key>
			<string>BUILT_PRODUCTS_DIR</string>
		</dict>
		<key>EF8D911A2A70480F8E8F6D52</key>
		<dict>
			<key>fileRef</key>
			<string>36D381DD520443F6AB7837E5</string>
			<key>isa</key>
			<string>PBXBuildFile</string>
		</dict>
	</dict>
	<key>rootObject</key>
	<string>4DD7B52915C94C0D0022812D</string>
</dict>
</plist>
